{
    "version": 3,
    "terraform_version": "0.11.3",
    "serial": 28,
    "lineage": "a243468d-0273-4b51-9272-7f166ba9208e",
    "modules": [
        {
            "path": [
                "root"
            ],
            "outputs": {
                "alb_dns_name": {
                    "sensitive": false,
                    "type": "string",
                    "value": "production-alb-polyledger-2086979667.us-east-1.elb.amazonaws.com"
                },
                "configuration": {
                    "sensitive": false,
                    "type": "string",
                    "value": "Add your private key and SSH into any private node via the Bastion host:\nssh-add ../../../modules/keys/demo.pem\nssh -A ubuntu@18.234.3.19\n"
                }
            },
            "resources": {
                "aws_key_pair.key": {
                    "type": "aws_key_pair",
                    "depends_on": [],
                    "primary": {
                        "id": "production_key",
                        "attributes": {
                            "fingerprint": "0b:3e:98:9a:09:72:47:f0:45:8a:b2:6a:eb:dc:c5:14",
                            "id": "production_key",
                            "key_name": "production_key",
                            "public_key": "ssh-rsa AAAAB3NzaC1yc2EAAAADAQABAAABAQCxxdVPu/lWt4vuD+tolTw/T7sFgMr8iEQ2Cn0ojLZGKLpQu6a7PmkQ22M5Ka/GhUCuI6SNYCDUjZnjl6PvEnHDfJmMtnRI7HJkPXxkdqu3zc88BS7apPm+Ysps7EjQI83JnNI0LsqCVhjCZlamvA+bSnRCkzc4we9p2OeTX+X9gFAw3VfNbBynPNG2tsiOHmvm+iSSUM1Q1q61BD+awLIVNc6Rsc0ULktonFvmJVPNJVfRj8UYQPqAlqeuS2CcmJZnQZWqTA0+Lnlwt3O3zxWYUMCmCdHYL6k8HUI44ZWAMH/Rz8nqvm6KAPz47SMsWyXXfBihBTLcZoKpZ2Sakmbt mpigassou@zendesk.com"
                        },
                        "meta": {
                            "schema_version": "1"
                        },
                        "tainted": false
                    },
                    "deposed": [],
                    "provider": "provider.aws"
                },
                "aws_route53_delegation_set.main": {
                    "type": "aws_route53_delegation_set",
                    "depends_on": [],
                    "primary": {
                        "id": "NO4CR4QW7C4JP",
                        "attributes": {
                            "id": "NO4CR4QW7C4JP",
                            "name_servers.#": "4",
                            "name_servers.0": "ns-1225.awsdns-25.org",
                            "name_servers.1": "ns-1579.awsdns-05.co.uk",
                            "name_servers.2": "ns-325.awsdns-40.com",
                            "name_servers.3": "ns-584.awsdns-09.net",
                            "reference_name": "DynDNS"
                        },
                        "meta": {},
                        "tainted": false
                    },
                    "deposed": [],
                    "provider": "provider.aws"
                },
                "aws_route53_record.www-prod": {
                    "type": "aws_route53_record",
                    "depends_on": [
                        "aws_route53_zone.primary_route",
                        "module.ecs"
                    ],
                    "primary": {
                        "id": "Z5BERG9PD667R_www.polyledger-staging.com_A",
                        "attributes": {
                            "alias.#": "1",
                            "alias.518781410.evaluate_target_health": "true",
                            "alias.518781410.name": "production-alb-polyledger-2086979667.us-east-1.elb.amazonaws.com",
                            "alias.518781410.zone_id": "Z35SXDOTRQ7X7K",
                            "allow_overwrite": "true",
                            "fqdn": "www.polyledger-staging.com",
                            "health_check_id": "",
                            "id": "Z5BERG9PD667R_www.polyledger-staging.com_A",
                            "name": "www.polyledger-staging.com",
                            "records.#": "0",
                            "set_identifier": "",
                            "ttl": "0",
                            "type": "A",
                            "zone_id": "Z5BERG9PD667R"
                        },
                        "meta": {
                            "schema_version": "2"
                        },
                        "tainted": false
                    },
                    "deposed": [],
                    "provider": "provider.aws"
                },
                "aws_route53_zone.primary_route": {
                    "type": "aws_route53_zone",
                    "depends_on": [
                        "aws_route53_delegation_set.main"
                    ],
                    "primary": {
                        "id": "Z5BERG9PD667R",
                        "attributes": {
                            "comment": "Managed by Terraform",
                            "delegation_set_id": "NO4CR4QW7C4JP",
                            "force_destroy": "false",
                            "id": "Z5BERG9PD667R",
                            "name": "polyledger-staging.com",
                            "name_servers.#": "4",
                            "name_servers.0": "ns-1225.awsdns-25.org",
                            "name_servers.1": "ns-1579.awsdns-05.co.uk",
                            "name_servers.2": "ns-325.awsdns-40.com",
                            "name_servers.3": "ns-584.awsdns-09.net",
                            "tags.%": "0",
                            "zone_id": "Z5BERG9PD667R"
                        },
                        "meta": {},
                        "tainted": false
                    },
                    "deposed": [],
                    "provider": "provider.aws"
                }
            },
            "depends_on": []
        },
        {
            "path": [
                "root",
                "bastion"
            ],
            "outputs": {
                "public_ip": {
                    "sensitive": false,
                    "type": "string",
                    "value": "18.234.3.19"
                },
                "user": {
                    "sensitive": false,
                    "type": "string",
                    "value": "ubuntu"
                }
            },
            "resources": {
                "aws_eip.bastion_eip": {
                    "type": "aws_eip",
                    "depends_on": [
                        "aws_instance.bastion"
                    ],
                    "primary": {
                        "id": "eipalloc-0afdf303",
                        "attributes": {
                            "association_id": "eipassoc-0c63a2f0",
                            "domain": "vpc",
                            "id": "eipalloc-0afdf303",
                            "instance": "i-009979f51e5a7aa4c",
                            "network_interface": "eni-b8c5b33b",
                            "private_ip": "10.0.1.57",
                            "public_ip": "18.234.3.19",
                            "tags.%": "0",
                            "vpc": "true"
                        },
                        "meta": {
                            "e2bfb730-ecaa-11e6-8f88-34363bc7c4c0": {
                                "delete": 180000000000,
                                "read": 900000000000,
                                "update": 300000000000
                            }
                        },
                        "tainted": false
                    },
                    "deposed": [],
                    "provider": "provider.aws"
                },
                "aws_instance.bastion": {
                    "type": "aws_instance",
                    "depends_on": [
                        "aws_security_group.ssh_sg",
                        "data.aws_ami.ubuntu-1604",
                        "data.template_file.startup"
                    ],
                    "primary": {
                        "id": "i-009979f51e5a7aa4c",
                        "attributes": {
                            "ami": "ami-6dfe5010",
                            "associate_public_ip_address": "true",
                            "availability_zone": "us-east-1a",
                            "credit_specification.#": "1",
                            "credit_specification.0.cpu_credits": "standard",
                            "disable_api_termination": "false",
                            "ebs_block_device.#": "0",
                            "ebs_optimized": "false",
                            "ephemeral_block_device.#": "0",
                            "get_password_data": "false",
                            "iam_instance_profile": "",
                            "id": "i-009979f51e5a7aa4c",
                            "instance_state": "running",
                            "instance_type": "t2.nano",
                            "ipv6_addresses.#": "0",
                            "key_name": "production_key",
                            "monitoring": "false",
                            "network_interface.#": "0",
                            "network_interface_id": "eni-b8c5b33b",
                            "password_data": "",
                            "placement_group": "",
                            "primary_network_interface_id": "eni-b8c5b33b",
                            "private_dns": "ip-10-0-1-57.ec2.internal",
                            "private_ip": "10.0.1.57",
                            "public_dns": "ec2-18-234-3-19.compute-1.amazonaws.com",
                            "public_ip": "18.234.3.19",
                            "root_block_device.#": "1",
                            "root_block_device.0.delete_on_termination": "true",
                            "root_block_device.0.iops": "100",
                            "root_block_device.0.volume_id": "vol-012836016b5ee1c63",
                            "root_block_device.0.volume_size": "8",
                            "root_block_device.0.volume_type": "gp2",
                            "security_groups.#": "0",
                            "source_dest_check": "true",
                            "subnet_id": "subnet-e5d32c82",
                            "tags.%": "2",
                            "tags.Environment": "production",
                            "tags.Name": "production-bastion-host",
                            "tenancy": "default",
                            "user_data": "ee72ec79ab5ac5a638d6d53443a31a30677aae22",
                            "volume_tags.%": "0",
                            "vpc_security_group_ids.#": "3",
                            "vpc_security_group_ids.1413379756": "sg-b15655f8",
                            "vpc_security_group_ids.2054285084": "sg-c553508c",
                            "vpc_security_group_ids.3691495237": "sg-e55b58ac"
                        },
                        "meta": {
                            "e2bfb730-ecaa-11e6-8f88-34363bc7c4c0": {
                                "create": 600000000000,
                                "delete": 1200000000000,
                                "update": 600000000000
                            },
                            "schema_version": "1"
                        },
                        "tainted": false
                    },
                    "deposed": [],
                    "provider": "provider.aws"
                },
                "aws_security_group.ssh_sg": {
                    "type": "aws_security_group",
                    "depends_on": [],
                    "primary": {
                        "id": "sg-b15655f8",
                        "attributes": {
                            "arn": "arn:aws:ec2:us-east-1:951653432607:security-group/sg-b15655f8",
                            "description": "Bastion security group",
                            "egress.#": "1",
                            "egress.482069346.cidr_blocks.#": "1",
                            "egress.482069346.cidr_blocks.0": "0.0.0.0/0",
                            "egress.482069346.description": "",
                            "egress.482069346.from_port": "0",
                            "egress.482069346.ipv6_cidr_blocks.#": "0",
                            "egress.482069346.prefix_list_ids.#": "0",
                            "egress.482069346.protocol": "-1",
                            "egress.482069346.security_groups.#": "0",
                            "egress.482069346.self": "false",
                            "egress.482069346.to_port": "0",
                            "id": "sg-b15655f8",
                            "ingress.#": "2",
                            "ingress.2541437006.cidr_blocks.#": "1",
                            "ingress.2541437006.cidr_blocks.0": "0.0.0.0/0",
                            "ingress.2541437006.description": "",
                            "ingress.2541437006.from_port": "22",
                            "ingress.2541437006.ipv6_cidr_blocks.#": "0",
                            "ingress.2541437006.protocol": "tcp",
                            "ingress.2541437006.security_groups.#": "0",
                            "ingress.2541437006.self": "false",
                            "ingress.2541437006.to_port": "22",
                            "ingress.753360330.cidr_blocks.#": "0",
                            "ingress.753360330.description": "",
                            "ingress.753360330.from_port": "0",
                            "ingress.753360330.ipv6_cidr_blocks.#": "0",
                            "ingress.753360330.protocol": "-1",
                            "ingress.753360330.security_groups.#": "0",
                            "ingress.753360330.self": "true",
                            "ingress.753360330.to_port": "0",
                            "name": "production-bastion-sg",
                            "owner_id": "951653432607",
                            "revoke_rules_on_delete": "false",
                            "tags.%": "2",
                            "tags.Environment": "production",
                            "tags.Name": "production-bastion-sg",
                            "vpc_id": "vpc-3fd28444"
                        },
                        "meta": {
                            "e2bfb730-ecaa-11e6-8f88-34363bc7c4c0": {
                                "create": 600000000000,
                                "delete": 600000000000
                            },
                            "schema_version": "1"
                        },
                        "tainted": false
                    },
                    "deposed": [],
                    "provider": "provider.aws"
                },
                "data.aws_ami.ubuntu-1604": {
                    "type": "aws_ami",
                    "depends_on": [],
                    "primary": {
                        "id": "ami-6dfe5010",
                        "attributes": {
                            "architecture": "x86_64",
                            "block_device_mappings.#": "3",
                            "block_device_mappings.1634610537.device_name": "/dev/sdb",
                            "block_device_mappings.1634610537.ebs.%": "0",
                            "block_device_mappings.1634610537.no_device": "",
                            "block_device_mappings.1634610537.virtual_name": "ephemeral0",
                            "block_device_mappings.2547816212.device_name": "/dev/sda1",
                            "block_device_mappings.2547816212.ebs.%": "6",
                            "block_device_mappings.2547816212.ebs.delete_on_termination": "true",
                            "block_device_mappings.2547816212.ebs.encrypted": "false",
                            "block_device_mappings.2547816212.ebs.iops": "0",
                            "block_device_mappings.2547816212.ebs.snapshot_id": "snap-0b4007dc080b853af",
                            "block_device_mappings.2547816212.ebs.volume_size": "8",
                            "block_device_mappings.2547816212.ebs.volume_type": "gp2",
                            "block_device_mappings.2547816212.no_device": "",
                            "block_device_mappings.2547816212.virtual_name": "",
                            "block_device_mappings.3850042718.device_name": "/dev/sdc",
                            "block_device_mappings.3850042718.ebs.%": "0",
                            "block_device_mappings.3850042718.no_device": "",
                            "block_device_mappings.3850042718.virtual_name": "ephemeral1",
                            "creation_date": "2018-04-05T19:28:58.000Z",
                            "description": "Canonical, Ubuntu, 16.04 LTS, amd64 xenial image build on 2018-04-05",
                            "filter.#": "2",
                            "filter.1585153008.name": "name",
                            "filter.1585153008.values.#": "1",
                            "filter.1585153008.values.0": "ubuntu/images/hvm-ssd/ubuntu-xenial-16.04-amd64-server-*",
                            "filter.490168357.name": "virtualization-type",
                            "filter.490168357.values.#": "1",
                            "filter.490168357.values.0": "hvm",
                            "hypervisor": "xen",
                            "id": "ami-6dfe5010",
                            "image_id": "ami-6dfe5010",
                            "image_location": "099720109477/ubuntu/images/hvm-ssd/ubuntu-xenial-16.04-amd64-server-20180405",
                            "image_type": "machine",
                            "most_recent": "true",
                            "name": "ubuntu/images/hvm-ssd/ubuntu-xenial-16.04-amd64-server-20180405",
                            "owner_id": "099720109477",
                            "owners.#": "1",
                            "owners.0": "099720109477",
                            "product_codes.#": "0",
                            "public": "true",
                            "root_device_name": "/dev/sda1",
                            "root_device_type": "ebs",
                            "root_snapshot_id": "snap-0b4007dc080b853af",
                            "sriov_net_support": "simple",
                            "state": "available",
                            "state_reason.%": "2",
                            "state_reason.code": "UNSET",
                            "state_reason.message": "UNSET",
                            "tags.%": "0",
                            "virtualization_type": "hvm"
                        },
                        "meta": {},
                        "tainted": false
                    },
                    "deposed": [],
                    "provider": "provider.aws"
                },
                "data.template_file.startup": {
                    "type": "template_file",
                    "depends_on": [],
                    "primary": {
                        "id": "af1fedaf160553164c5b75d3137c5f9079666b84b58321ebe81bc37a50d6e244",
                        "attributes": {
                            "id": "af1fedaf160553164c5b75d3137c5f9079666b84b58321ebe81bc37a50d6e244",
                            "rendered": "#!/bin/bash\nset -e\n\necho \"Installing Redis CLI and Postgres client...\"\nsudo apt-get update\nsudo apt-get install --assume-yes redis-tools postgresql-client-common postgresql-client-9.5\n",
                            "template": "#!/bin/bash\nset -e\n\necho \"Installing Redis CLI and Postgres client...\"\nsudo apt-get update\nsudo apt-get install --assume-yes redis-tools postgresql-client-common postgresql-client-9.5\n"
                        },
                        "meta": {},
                        "tainted": false
                    },
                    "deposed": [],
                    "provider": "provider.template"
                }
            },
            "depends_on": []
        },
        {
            "path": [
                "root",
                "code_pipeline"
            ],
            "outputs": {},
            "resources": {
                "aws_codebuild_project.polyledger_build": {
                    "type": "aws_codebuild_project",
                    "depends_on": [
                        "aws_iam_role.codebuild_role",
                        "data.template_file.buildspec"
                    ],
                    "primary": {
                        "id": "arn:aws:codebuild:us-east-1:951653432607:project/polyledger-codebuild",
                        "attributes": {
                            "artifacts.#": "1",
                            "artifacts.2731293239.location": "",
                            "artifacts.2731293239.name": "polyledger-codebuild",
                            "artifacts.2731293239.namespace_type": "",
                            "artifacts.2731293239.packaging": "NONE",
                            "artifacts.2731293239.path": "",
                            "artifacts.2731293239.type": "CODEPIPELINE",
                            "build_timeout": "10",
                            "cache.#": "1",
                            "cache.0.location": "",
                            "cache.0.type": "NO_CACHE",
                            "description": "",
                            "encryption_key": "arn:aws:kms:us-east-1:951653432607:alias/aws/s3",
                            "environment.#": "1",
                            "environment.2882962266.compute_type": "BUILD_GENERAL1_SMALL",
                            "environment.2882962266.environment_variable.#": "0",
                            "environment.2882962266.image": "aws/codebuild/docker:1.12.1",
                            "environment.2882962266.privileged_mode": "true",
                            "environment.2882962266.type": "LINUX_CONTAINER",
                            "id": "arn:aws:codebuild:us-east-1:951653432607:project/polyledger-codebuild",
                            "name": "polyledger-codebuild",
                            "service_role": "arn:aws:iam::951653432607:role/codebuild-role",
                            "source.#": "1",
                            "source.3638655374.auth.#": "0",
                            "source.3638655374.buildspec": "version: 0.2\n\nphases:\n  pre_build:\n    commands:\n      - pip install awscli --upgrade --user\n      - echo `aws --version`\n      - echo Logging in to Amazon ECR...\n      - $(aws ecr get-login --region us-east-1 --no-include-email)\n      - REPOSITORY_URI=951653432607.dkr.ecr.us-east-1.amazonaws.com/polyledger/production\n      - IMAGE_TAG=$(echo $CODEBUILD_RESOLVED_SOURCE_VERSION | cut -c 1-7)\n      - echo Entered the pre_build phase...\n  build:\n    commands:\n      - echo Build started on `date`\n      - echo Building the Docker image...\n      - docker build -t $REPOSITORY_URI:latest .\n      - docker tag $REPOSITORY_URI:latest $REPOSITORY_URI:$IMAGE_TAG\n  post_build:\n    commands:\n      - echo Build completed on `date`\n      - echo Pushing the Docker images...\n      - docker push $REPOSITORY_URI:latest\n      - docker push $REPOSITORY_URI:$IMAGE_TAG\n      - echo Writing image definitions file...\n      - printf '[{\"name\":\"web\",\"imageUri\":\"%s\"}]' $REPOSITORY_URI:$IMAGE_TAG \u003e imagedefinitions.json\n      # For DB migration?\n      #- aws ecs run-task --launch-type FARGATE --cluster production-ecs-cluster --task-definition production_db_migrate --network-configuration \"awsvpcConfiguration={subnets=[subnet-d5de21b2],securityGroups=[sg-e55b58ac,sg-c553508c,sg-144e4d5d,sg-58474411]}\"\nartifacts:\n  files: imagedefinitions.json\n",
                            "source.3638655374.location": "",
                            "source.3638655374.type": "CODEPIPELINE",
                            "tags.%": "0",
                            "vpc_config.#": "0"
                        },
                        "meta": {},
                        "tainted": false
                    },
                    "deposed": [],
                    "provider": "provider.aws"
                },
                "aws_codepipeline.pipeline": {
                    "type": "aws_codepipeline",
                    "depends_on": [
                        "aws_iam_role.codepipeline_role",
                        "aws_s3_bucket.source"
                    ],
                    "primary": {
                        "id": "polyledger-pipeline",
                        "attributes": {
                            "arn": "arn:aws:codepipeline:us-east-1:951653432607:polyledger-pipeline",
                            "artifact_store.#": "1",
                            "artifact_store.0.encryption_key.#": "0",
                            "artifact_store.0.location": "polyledger-experiment-source",
                            "artifact_store.0.type": "S3",
                            "id": "polyledger-pipeline",
                            "name": "polyledger-pipeline",
                            "role_arn": "arn:aws:iam::951653432607:role/codepipeline-role",
                            "stage.#": "3",
                            "stage.0.action.#": "1",
                            "stage.0.action.0.category": "Source",
                            "stage.0.action.0.configuration.%": "3",
                            "stage.0.action.0.configuration.Branch": "master",
                            "stage.0.action.0.configuration.Owner": "polyledger",
                            "stage.0.action.0.configuration.Repo": "django_sample_app",
                            "stage.0.action.0.input_artifacts.#": "0",
                            "stage.0.action.0.name": "Source",
                            "stage.0.action.0.output_artifacts.#": "1",
                            "stage.0.action.0.output_artifacts.0": "source",
                            "stage.0.action.0.owner": "ThirdParty",
                            "stage.0.action.0.provider": "GitHub",
                            "stage.0.action.0.role_arn": "",
                            "stage.0.action.0.run_order": "1",
                            "stage.0.action.0.version": "1",
                            "stage.0.name": "Source",
                            "stage.1.action.#": "1",
                            "stage.1.action.0.category": "Build",
                            "stage.1.action.0.configuration.%": "1",
                            "stage.1.action.0.configuration.ProjectName": "polyledger-codebuild",
                            "stage.1.action.0.input_artifacts.#": "1",
                            "stage.1.action.0.input_artifacts.0": "source",
                            "stage.1.action.0.name": "Build",
                            "stage.1.action.0.output_artifacts.#": "1",
                            "stage.1.action.0.output_artifacts.0": "imagedefinitions",
                            "stage.1.action.0.owner": "AWS",
                            "stage.1.action.0.provider": "CodeBuild",
                            "stage.1.action.0.role_arn": "",
                            "stage.1.action.0.run_order": "1",
                            "stage.1.action.0.version": "1",
                            "stage.1.name": "Build",
                            "stage.2.action.#": "1",
                            "stage.2.action.0.category": "Deploy",
                            "stage.2.action.0.configuration.%": "3",
                            "stage.2.action.0.configuration.ClusterName": "production-ecs-cluster",
                            "stage.2.action.0.configuration.FileName": "imagedefinitions.json",
                            "stage.2.action.0.configuration.ServiceName": "production-web",
                            "stage.2.action.0.input_artifacts.#": "1",
                            "stage.2.action.0.input_artifacts.0": "imagedefinitions",
                            "stage.2.action.0.name": "Deploy",
                            "stage.2.action.0.output_artifacts.#": "0",
                            "stage.2.action.0.owner": "AWS",
                            "stage.2.action.0.provider": "ECS",
                            "stage.2.action.0.role_arn": "",
                            "stage.2.action.0.run_order": "1",
                            "stage.2.action.0.version": "1",
                            "stage.2.name": "Production"
                        },
                        "meta": {},
                        "tainted": false
                    },
                    "deposed": [],
                    "provider": "provider.aws"
                },
                "aws_iam_role.codebuild_role": {
                    "type": "aws_iam_role",
                    "depends_on": [],
                    "primary": {
                        "id": "codebuild-role",
                        "attributes": {
                            "arn": "arn:aws:iam::951653432607:role/codebuild-role",
                            "assume_role_policy": "{\"Version\":\"2012-10-17\",\"Statement\":[{\"Effect\":\"Allow\",\"Principal\":{\"Service\":\"codebuild.amazonaws.com\"},\"Action\":\"sts:AssumeRole\"}]}",
                            "create_date": "2018-05-01T03:00:17Z",
                            "force_detach_policies": "false",
                            "id": "codebuild-role",
                            "max_session_duration": "3600",
                            "name": "codebuild-role",
                            "path": "/",
                            "unique_id": "AROAI3WFWB33GMVLSE2RK"
                        },
                        "meta": {},
                        "tainted": false
                    },
                    "deposed": [],
                    "provider": "provider.aws"
                },
                "aws_iam_role.codepipeline_role": {
                    "type": "aws_iam_role",
                    "depends_on": [],
                    "primary": {
                        "id": "codepipeline-role",
                        "attributes": {
                            "arn": "arn:aws:iam::951653432607:role/codepipeline-role",
                            "assume_role_policy": "{\"Version\":\"2012-10-17\",\"Statement\":[{\"Effect\":\"Allow\",\"Principal\":{\"Service\":\"codepipeline.amazonaws.com\"},\"Action\":\"sts:AssumeRole\"}]}",
                            "create_date": "2018-05-01T03:00:17Z",
                            "force_detach_policies": "false",
                            "id": "codepipeline-role",
                            "max_session_duration": "3600",
                            "name": "codepipeline-role",
                            "path": "/",
                            "unique_id": "AROAIKTR3J3CZOYOZGOKU"
                        },
                        "meta": {},
                        "tainted": false
                    },
                    "deposed": [],
                    "provider": "provider.aws"
                },
                "aws_iam_role_policy.codebuild_policy": {
                    "type": "aws_iam_role_policy",
                    "depends_on": [
                        "aws_iam_role.codebuild_role",
                        "data.template_file.codebuild_policy"
                    ],
                    "primary": {
                        "id": "codebuild-role:codebuild-policy",
                        "attributes": {
                            "id": "codebuild-role:codebuild-policy",
                            "name": "codebuild-policy",
                            "policy": "{\n  \"Version\": \"2012-10-17\",\n  \"Statement\": [\n    {\n      \"Effect\": \"Allow\",\n      \"Resource\": [\n        \"*\"\n      ],\n      \"Action\": [\n        \"logs:CreateLogGroup\",\n        \"logs:CreateLogStream\",\n        \"logs:PutLogEvents\",\n        \"ecr:GetAuthorizationToken\",\n        \"ecr:InitiateLayerUpload\",\n        \"ecr:UploadLayerPart\",\n        \"ecr:CompleteLayerUpload\",\n        \"ecr:BatchCheckLayerAvailability\",\n        \"ecr:PutImage\",\n        \"ecs:RunTask\",\n        \"iam:PassRole\"\n      ]\n    },\n    {\n      \"Effect\":\"Allow\",\n      \"Action\": [\n        \"s3:GetObject\",\n        \"s3:GetObjectVersion\",\n        \"s3:GetBucketVersioning\",\n        \"s3:List*\",\n        \"s3:PutObject\"\n      ],\n      \"Resource\": [\n        \"arn:aws:s3:::polyledger-experiment-source\",\n        \"arn:aws:s3:::polyledger-experiment-source/*\"\n      ]\n    }\n  ]\n}\n",
                            "role": "codebuild-role"
                        },
                        "meta": {},
                        "tainted": false
                    },
                    "deposed": [],
                    "provider": "provider.aws"
                },
                "aws_iam_role_policy.codepipeline_policy": {
                    "type": "aws_iam_role_policy",
                    "depends_on": [
                        "aws_iam_role.codepipeline_role",
                        "data.template_file.codepipeline_policy"
                    ],
                    "primary": {
                        "id": "codepipeline-role:codepipeline_policy",
                        "attributes": {
                            "id": "codepipeline-role:codepipeline_policy",
                            "name": "codepipeline_policy",
                            "policy": "{\n  \"Version\": \"2012-10-17\",\n  \"Statement\": [\n    {\n      \"Effect\":\"Allow\",\n      \"Action\": [\n        \"s3:GetObject\",\n        \"s3:GetObjectVersion\",\n        \"s3:GetBucketVersioning\",\n        \"s3:List*\",\n        \"s3:PutObject\"\n      ],\n      \"Resource\": [\n        \"arn:aws:s3:::polyledger-experiment-source\",\n        \"arn:aws:s3:::polyledger-experiment-source/*\"\n      ]\n    },\n    {\n      \"Effect\": \"Allow\",\n      \"Action\": [\n        \"codebuild:BatchGetBuilds\",\n        \"codebuild:StartBuild\"\n      ],\n      \"Resource\": \"*\"\n    },\n    {\n      \"Action\": [\n        \"ecs:*\",\n        \"events:DescribeRule\",\n        \"events:DeleteRule\",\n        \"events:ListRuleNamesByTarget\",\n        \"events:ListTargetsByRule\",\n        \"events:PutRule\",\n        \"events:PutTargets\",\n        \"events:RemoveTargets\",\n        \"iam:ListAttachedRolePolicies\",\n        \"iam:ListInstanceProfiles\",\n        \"iam:ListRoles\",\n        \"logs:CreateLogGroup\",\n        \"logs:DescribeLogGroups\",\n        \"logs:FilterLogEvents\"\n      ],\n      \"Resource\": \"*\",\n      \"Effect\": \"Allow\"\n    },\n    {\n      \"Action\": \"iam:PassRole\",\n      \"Effect\": \"Allow\",\n      \"Resource\": [\n        \"*\"\n      ],\n      \"Condition\": {\n        \"StringLike\": {\n          \"iam:PassedToService\": \"ecs-tasks.amazonaws.com\"\n        }\n      }\n    },\n    {\n      \"Action\": \"iam:PassRole\",\n      \"Effect\": \"Allow\",\n      \"Resource\": [\n        \"arn:aws:iam::*:role/ecsInstanceRole*\"\n      ],\n      \"Condition\": {\n        \"StringLike\": {\n          \"iam:PassedToService\": [\n            \"ec2.amazonaws.com\",\n            \"ec2.amazonaws.com.cn\"\n          ]\n        }\n      }\n    },\n    {\n      \"Action\": \"iam:PassRole\",\n      \"Effect\": \"Allow\",\n      \"Resource\": [\n        \"arn:aws:iam::*:role/ecsAutoscaleRole*\"\n      ],\n      \"Condition\": {\n        \"StringLike\": {\n          \"iam:PassedToService\": [\n            \"application-autoscaling.amazonaws.com\",\n            \"application-autoscaling.amazonaws.com.cn\"\n          ]\n        }\n      }\n    },\n    {\n      \"Effect\": \"Allow\",\n      \"Action\": \"iam:CreateServiceLinkedRole\",\n      \"Resource\": \"*\",\n      \"Condition\": {\n        \"StringLike\": {\n          \"iam:AWSServiceName\": [\n            \"ecs.amazonaws.com\",\n            \"spot.amazonaws.com\",\n            \"spotfleet.amazonaws.com\"\n          ]\n        }\n      }\n    }\n  ]\n}\n",
                            "role": "codepipeline-role"
                        },
                        "meta": {},
                        "tainted": false
                    },
                    "deposed": [],
                    "provider": "provider.aws"
                },
                "aws_s3_bucket.source": {
                    "type": "aws_s3_bucket",
                    "depends_on": [],
                    "primary": {
                        "id": "polyledger-experiment-source",
                        "attributes": {
                            "acceleration_status": "",
                            "acl": "private",
                            "arn": "arn:aws:s3:::polyledger-experiment-source",
                            "bucket": "polyledger-experiment-source",
                            "bucket_domain_name": "polyledger-experiment-source.s3.amazonaws.com",
                            "force_destroy": "true",
                            "hosted_zone_id": "Z3AQBSTGFYJSTF",
                            "id": "polyledger-experiment-source",
                            "logging.#": "0",
                            "region": "us-east-1",
                            "replication_configuration.#": "0",
                            "request_payer": "BucketOwner",
                            "server_side_encryption_configuration.#": "0",
                            "tags.%": "0",
                            "versioning.#": "1",
                            "versioning.0.enabled": "false",
                            "versioning.0.mfa_delete": "false",
                            "website.#": "0"
                        },
                        "meta": {},
                        "tainted": false
                    },
                    "deposed": [],
                    "provider": "provider.aws"
                },
                "data.template_file.buildspec": {
                    "type": "template_file",
                    "depends_on": [],
                    "primary": {
                        "id": "6b593017b21062809742674e3b0eb952ed392e89a94fd1ea0698257ea59fc541",
                        "attributes": {
                            "id": "6b593017b21062809742674e3b0eb952ed392e89a94fd1ea0698257ea59fc541",
                            "rendered": "version: 0.2\n\nphases:\n  pre_build:\n    commands:\n      - pip install awscli --upgrade --user\n      - echo `aws --version`\n      - echo Logging in to Amazon ECR...\n      - $(aws ecr get-login --region us-east-1 --no-include-email)\n      - REPOSITORY_URI=951653432607.dkr.ecr.us-east-1.amazonaws.com/polyledger/production\n      - IMAGE_TAG=$(echo $CODEBUILD_RESOLVED_SOURCE_VERSION | cut -c 1-7)\n      - echo Entered the pre_build phase...\n  build:\n    commands:\n      - echo Build started on `date`\n      - echo Building the Docker image...\n      - docker build -t $REPOSITORY_URI:latest .\n      - docker tag $REPOSITORY_URI:latest $REPOSITORY_URI:$IMAGE_TAG\n  post_build:\n    commands:\n      - echo Build completed on `date`\n      - echo Pushing the Docker images...\n      - docker push $REPOSITORY_URI:latest\n      - docker push $REPOSITORY_URI:$IMAGE_TAG\n      - echo Writing image definitions file...\n      - printf '[{\"name\":\"web\",\"imageUri\":\"%s\"}]' $REPOSITORY_URI:$IMAGE_TAG \u003e imagedefinitions.json\n      # For DB migration?\n      #- aws ecs run-task --launch-type FARGATE --cluster production-ecs-cluster --task-definition production_db_migrate --network-configuration \"awsvpcConfiguration={subnets=[subnet-d5de21b2],securityGroups=[sg-e55b58ac,sg-c553508c,sg-144e4d5d,sg-58474411]}\"\nartifacts:\n  files: imagedefinitions.json\n",
                            "template": "version: 0.2\n\nphases:\n  pre_build:\n    commands:\n      - pip install awscli --upgrade --user\n      - echo `aws --version`\n      - echo Logging in to Amazon ECR...\n      - $(aws ecr get-login --region ${region} --no-include-email)\n      - REPOSITORY_URI=${repository_url}\n      - IMAGE_TAG=$(echo $CODEBUILD_RESOLVED_SOURCE_VERSION | cut -c 1-7)\n      - echo Entered the pre_build phase...\n  build:\n    commands:\n      - echo Build started on `date`\n      - echo Building the Docker image...\n      - docker build -t $REPOSITORY_URI:latest .\n      - docker tag $REPOSITORY_URI:latest $REPOSITORY_URI:$IMAGE_TAG\n  post_build:\n    commands:\n      - echo Build completed on `date`\n      - echo Pushing the Docker images...\n      - docker push $REPOSITORY_URI:latest\n      - docker push $REPOSITORY_URI:$IMAGE_TAG\n      - echo Writing image definitions file...\n      - printf '[{\"name\":\"web\",\"imageUri\":\"%s\"}]' $REPOSITORY_URI:$IMAGE_TAG \u003e imagedefinitions.json\n      # For DB migration?\n      #- aws ecs run-task --launch-type FARGATE --cluster ${cluster_name} --task-definition production_db_migrate --network-configuration \"awsvpcConfiguration={subnets=[${subnet_id}],securityGroups=[${security_group_ids}]}\"\nartifacts:\n  files: imagedefinitions.json\n",
                            "vars.%": "5",
                            "vars.cluster_name": "production-ecs-cluster",
                            "vars.region": "us-east-1",
                            "vars.repository_url": "951653432607.dkr.ecr.us-east-1.amazonaws.com/polyledger/production",
                            "vars.security_group_ids": "sg-e55b58ac,sg-c553508c,sg-144e4d5d,sg-58474411",
                            "vars.subnet_id": "subnet-d5de21b2"
                        },
                        "meta": {},
                        "tainted": false
                    },
                    "deposed": [],
                    "provider": "provider.template"
                },
                "data.template_file.codebuild_policy": {
                    "type": "template_file",
                    "depends_on": [
                        "aws_s3_bucket.source"
                    ],
                    "primary": {
                        "id": "22c0a9facf0ee286481acf0d64ae22dbe2ea713c986cb8ed8da7864059339d1c",
                        "attributes": {
                            "id": "22c0a9facf0ee286481acf0d64ae22dbe2ea713c986cb8ed8da7864059339d1c",
                            "rendered": "{\n  \"Version\": \"2012-10-17\",\n  \"Statement\": [\n    {\n      \"Effect\": \"Allow\",\n      \"Resource\": [\n        \"*\"\n      ],\n      \"Action\": [\n        \"logs:CreateLogGroup\",\n        \"logs:CreateLogStream\",\n        \"logs:PutLogEvents\",\n        \"ecr:GetAuthorizationToken\",\n        \"ecr:InitiateLayerUpload\",\n        \"ecr:UploadLayerPart\",\n        \"ecr:CompleteLayerUpload\",\n        \"ecr:BatchCheckLayerAvailability\",\n        \"ecr:PutImage\",\n        \"ecs:RunTask\",\n        \"iam:PassRole\"\n      ]\n    },\n    {\n      \"Effect\":\"Allow\",\n      \"Action\": [\n        \"s3:GetObject\",\n        \"s3:GetObjectVersion\",\n        \"s3:GetBucketVersioning\",\n        \"s3:List*\",\n        \"s3:PutObject\"\n      ],\n      \"Resource\": [\n        \"arn:aws:s3:::polyledger-experiment-source\",\n        \"arn:aws:s3:::polyledger-experiment-source/*\"\n      ]\n    }\n  ]\n}\n",
                            "template": "{\n  \"Version\": \"2012-10-17\",\n  \"Statement\": [\n    {\n      \"Effect\": \"Allow\",\n      \"Resource\": [\n        \"*\"\n      ],\n      \"Action\": [\n        \"logs:CreateLogGroup\",\n        \"logs:CreateLogStream\",\n        \"logs:PutLogEvents\",\n        \"ecr:GetAuthorizationToken\",\n        \"ecr:InitiateLayerUpload\",\n        \"ecr:UploadLayerPart\",\n        \"ecr:CompleteLayerUpload\",\n        \"ecr:BatchCheckLayerAvailability\",\n        \"ecr:PutImage\",\n        \"ecs:RunTask\",\n        \"iam:PassRole\"\n      ]\n    },\n    {\n      \"Effect\":\"Allow\",\n      \"Action\": [\n        \"s3:GetObject\",\n        \"s3:GetObjectVersion\",\n        \"s3:GetBucketVersioning\",\n        \"s3:List*\",\n        \"s3:PutObject\"\n      ],\n      \"Resource\": [\n        \"${aws_s3_bucket_arn}\",\n        \"${aws_s3_bucket_arn}/*\"\n      ]\n    }\n  ]\n}\n",
                            "vars.%": "1",
                            "vars.aws_s3_bucket_arn": "arn:aws:s3:::polyledger-experiment-source"
                        },
                        "meta": {},
                        "tainted": false
                    },
                    "deposed": [],
                    "provider": "provider.template"
                },
                "data.template_file.codepipeline_policy": {
                    "type": "template_file",
                    "depends_on": [
                        "aws_s3_bucket.source"
                    ],
                    "primary": {
                        "id": "55b47dc368e0c4f82d64bdcfe5b4cece4fb5027147e1d6ec2f87ddf08f147e50",
                        "attributes": {
                            "id": "55b47dc368e0c4f82d64bdcfe5b4cece4fb5027147e1d6ec2f87ddf08f147e50",
                            "rendered": "{\n  \"Version\": \"2012-10-17\",\n  \"Statement\": [\n    {\n      \"Effect\":\"Allow\",\n      \"Action\": [\n        \"s3:GetObject\",\n        \"s3:GetObjectVersion\",\n        \"s3:GetBucketVersioning\",\n        \"s3:List*\",\n        \"s3:PutObject\"\n      ],\n      \"Resource\": [\n        \"arn:aws:s3:::polyledger-experiment-source\",\n        \"arn:aws:s3:::polyledger-experiment-source/*\"\n      ]\n    },\n    {\n      \"Effect\": \"Allow\",\n      \"Action\": [\n        \"codebuild:BatchGetBuilds\",\n        \"codebuild:StartBuild\"\n      ],\n      \"Resource\": \"*\"\n    },\n    {\n      \"Action\": [\n        \"ecs:*\",\n        \"events:DescribeRule\",\n        \"events:DeleteRule\",\n        \"events:ListRuleNamesByTarget\",\n        \"events:ListTargetsByRule\",\n        \"events:PutRule\",\n        \"events:PutTargets\",\n        \"events:RemoveTargets\",\n        \"iam:ListAttachedRolePolicies\",\n        \"iam:ListInstanceProfiles\",\n        \"iam:ListRoles\",\n        \"logs:CreateLogGroup\",\n        \"logs:DescribeLogGroups\",\n        \"logs:FilterLogEvents\"\n      ],\n      \"Resource\": \"*\",\n      \"Effect\": \"Allow\"\n    },\n    {\n      \"Action\": \"iam:PassRole\",\n      \"Effect\": \"Allow\",\n      \"Resource\": [\n        \"*\"\n      ],\n      \"Condition\": {\n        \"StringLike\": {\n          \"iam:PassedToService\": \"ecs-tasks.amazonaws.com\"\n        }\n      }\n    },\n    {\n      \"Action\": \"iam:PassRole\",\n      \"Effect\": \"Allow\",\n      \"Resource\": [\n        \"arn:aws:iam::*:role/ecsInstanceRole*\"\n      ],\n      \"Condition\": {\n        \"StringLike\": {\n          \"iam:PassedToService\": [\n            \"ec2.amazonaws.com\",\n            \"ec2.amazonaws.com.cn\"\n          ]\n        }\n      }\n    },\n    {\n      \"Action\": \"iam:PassRole\",\n      \"Effect\": \"Allow\",\n      \"Resource\": [\n        \"arn:aws:iam::*:role/ecsAutoscaleRole*\"\n      ],\n      \"Condition\": {\n        \"StringLike\": {\n          \"iam:PassedToService\": [\n            \"application-autoscaling.amazonaws.com\",\n            \"application-autoscaling.amazonaws.com.cn\"\n          ]\n        }\n      }\n    },\n    {\n      \"Effect\": \"Allow\",\n      \"Action\": \"iam:CreateServiceLinkedRole\",\n      \"Resource\": \"*\",\n      \"Condition\": {\n        \"StringLike\": {\n          \"iam:AWSServiceName\": [\n            \"ecs.amazonaws.com\",\n            \"spot.amazonaws.com\",\n            \"spotfleet.amazonaws.com\"\n          ]\n        }\n      }\n    }\n  ]\n}\n",
                            "template": "{\n  \"Version\": \"2012-10-17\",\n  \"Statement\": [\n    {\n      \"Effect\":\"Allow\",\n      \"Action\": [\n        \"s3:GetObject\",\n        \"s3:GetObjectVersion\",\n        \"s3:GetBucketVersioning\",\n        \"s3:List*\",\n        \"s3:PutObject\"\n      ],\n      \"Resource\": [\n        \"${aws_s3_bucket_arn}\",\n        \"${aws_s3_bucket_arn}/*\"\n      ]\n    },\n    {\n      \"Effect\": \"Allow\",\n      \"Action\": [\n        \"codebuild:BatchGetBuilds\",\n        \"codebuild:StartBuild\"\n      ],\n      \"Resource\": \"*\"\n    },\n    {\n      \"Action\": [\n        \"ecs:*\",\n        \"events:DescribeRule\",\n        \"events:DeleteRule\",\n        \"events:ListRuleNamesByTarget\",\n        \"events:ListTargetsByRule\",\n        \"events:PutRule\",\n        \"events:PutTargets\",\n        \"events:RemoveTargets\",\n        \"iam:ListAttachedRolePolicies\",\n        \"iam:ListInstanceProfiles\",\n        \"iam:ListRoles\",\n        \"logs:CreateLogGroup\",\n        \"logs:DescribeLogGroups\",\n        \"logs:FilterLogEvents\"\n      ],\n      \"Resource\": \"*\",\n      \"Effect\": \"Allow\"\n    },\n    {\n      \"Action\": \"iam:PassRole\",\n      \"Effect\": \"Allow\",\n      \"Resource\": [\n        \"*\"\n      ],\n      \"Condition\": {\n        \"StringLike\": {\n          \"iam:PassedToService\": \"ecs-tasks.amazonaws.com\"\n        }\n      }\n    },\n    {\n      \"Action\": \"iam:PassRole\",\n      \"Effect\": \"Allow\",\n      \"Resource\": [\n        \"arn:aws:iam::*:role/ecsInstanceRole*\"\n      ],\n      \"Condition\": {\n        \"StringLike\": {\n          \"iam:PassedToService\": [\n            \"ec2.amazonaws.com\",\n            \"ec2.amazonaws.com.cn\"\n          ]\n        }\n      }\n    },\n    {\n      \"Action\": \"iam:PassRole\",\n      \"Effect\": \"Allow\",\n      \"Resource\": [\n        \"arn:aws:iam::*:role/ecsAutoscaleRole*\"\n      ],\n      \"Condition\": {\n        \"StringLike\": {\n          \"iam:PassedToService\": [\n            \"application-autoscaling.amazonaws.com\",\n            \"application-autoscaling.amazonaws.com.cn\"\n          ]\n        }\n      }\n    },\n    {\n      \"Effect\": \"Allow\",\n      \"Action\": \"iam:CreateServiceLinkedRole\",\n      \"Resource\": \"*\",\n      \"Condition\": {\n        \"StringLike\": {\n          \"iam:AWSServiceName\": [\n            \"ecs.amazonaws.com\",\n            \"spot.amazonaws.com\",\n            \"spotfleet.amazonaws.com\"\n          ]\n        }\n      }\n    }\n  ]\n}\n",
                            "vars.%": "1",
                            "vars.aws_s3_bucket_arn": "arn:aws:s3:::polyledger-experiment-source"
                        },
                        "meta": {},
                        "tainted": false
                    },
                    "deposed": [],
                    "provider": "provider.template"
                }
            },
            "depends_on": []
        },
        {
            "path": [
                "root",
                "ecs"
            ],
            "outputs": {
                "alb_dns_name": {
                    "sensitive": false,
                    "type": "string",
                    "value": "production-alb-polyledger-2086979667.us-east-1.elb.amazonaws.com"
                },
                "alb_zone_id": {
                    "sensitive": false,
                    "type": "string",
                    "value": "Z35SXDOTRQ7X7K"
                },
                "cluster_name": {
                    "sensitive": false,
                    "type": "string",
                    "value": "production-ecs-cluster"
                },
                "repository_url": {
                    "sensitive": false,
                    "type": "string",
                    "value": "951653432607.dkr.ecr.us-east-1.amazonaws.com/polyledger/production"
                },
                "security_group_id": {
                    "sensitive": false,
                    "type": "string",
                    "value": "sg-58474411"
                },
                "service_name": {
                    "sensitive": false,
                    "type": "string",
                    "value": "production-web"
                }
            },
            "resources": {
                "aws_alb.alb_polyledger": {
                    "type": "aws_alb",
                    "depends_on": [
                        "aws_security_group.web_inbound_sg"
                    ],
                    "primary": {
                        "id": "arn:aws:elasticloadbalancing:us-east-1:951653432607:loadbalancer/app/production-alb-polyledger/f57fbdb6cb27c356",
                        "attributes": {
                            "access_logs.#": "0",
                            "arn": "arn:aws:elasticloadbalancing:us-east-1:951653432607:loadbalancer/app/production-alb-polyledger/f57fbdb6cb27c356",
                            "arn_suffix": "app/production-alb-polyledger/f57fbdb6cb27c356",
                            "dns_name": "production-alb-polyledger-2086979667.us-east-1.elb.amazonaws.com",
                            "enable_deletion_protection": "false",
                            "enable_http2": "true",
                            "id": "arn:aws:elasticloadbalancing:us-east-1:951653432607:loadbalancer/app/production-alb-polyledger/f57fbdb6cb27c356",
                            "idle_timeout": "60",
                            "internal": "false",
                            "ip_address_type": "ipv4",
                            "load_balancer_type": "application",
                            "name": "production-alb-polyledger",
                            "security_groups.#": "4",
                            "security_groups.1338637114": "sg-144e4d5d",
                            "security_groups.1805262341": "sg-4745460e",
                            "security_groups.2054285084": "sg-c553508c",
                            "security_groups.3691495237": "sg-e55b58ac",
                            "subnet_mapping.#": "0",
                            "subnets.#": "2",
                            "subnets.1948436333": "subnet-e5d32c82",
                            "subnets.941423059": "subnet-6a6a8444",
                            "tags.%": "2",
                            "tags.Environment": "production",
                            "tags.Name": "production-alb-polyledger",
                            "vpc_id": "vpc-3fd28444",
                            "zone_id": "Z35SXDOTRQ7X7K"
                        },
                        "meta": {
                            "e2bfb730-ecaa-11e6-8f88-34363bc7c4c0": {
                                "create": 600000000000,
                                "delete": 600000000000,
                                "update": 600000000000
                            }
                        },
                        "tainted": false
                    },
                    "deposed": [],
                    "provider": "provider.aws"
                },
                "aws_alb_listener.polyledger": {
                    "type": "aws_alb_listener",
                    "depends_on": [
                        "aws_alb.alb_polyledger",
                        "aws_alb_target_group.alb_target_group"
                    ],
                    "primary": {
                        "id": "arn:aws:elasticloadbalancing:us-east-1:951653432607:listener/app/production-alb-polyledger/f57fbdb6cb27c356/fe36d86aedc9c285",
                        "attributes": {
                            "arn": "arn:aws:elasticloadbalancing:us-east-1:951653432607:listener/app/production-alb-polyledger/f57fbdb6cb27c356/fe36d86aedc9c285",
                            "default_action.#": "1",
                            "default_action.0.target_group_arn": "arn:aws:elasticloadbalancing:us-east-1:951653432607:targetgroup/production-alb-target-group-db67/a15c9f1887767cc9",
                            "default_action.0.type": "forward",
                            "id": "arn:aws:elasticloadbalancing:us-east-1:951653432607:listener/app/production-alb-polyledger/f57fbdb6cb27c356/fe36d86aedc9c285",
                            "load_balancer_arn": "arn:aws:elasticloadbalancing:us-east-1:951653432607:loadbalancer/app/production-alb-polyledger/f57fbdb6cb27c356",
                            "port": "80",
                            "protocol": "HTTP",
                            "ssl_policy": ""
                        },
                        "meta": {},
                        "tainted": false
                    },
                    "deposed": [],
                    "provider": "provider.aws"
                },
                "aws_alb_target_group.alb_target_group": {
                    "type": "aws_alb_target_group",
                    "depends_on": [
                        "random_id.target_group_sufix"
                    ],
                    "primary": {
                        "id": "arn:aws:elasticloadbalancing:us-east-1:951653432607:targetgroup/production-alb-target-group-db67/a15c9f1887767cc9",
                        "attributes": {
                            "arn": "arn:aws:elasticloadbalancing:us-east-1:951653432607:targetgroup/production-alb-target-group-db67/a15c9f1887767cc9",
                            "arn_suffix": "targetgroup/production-alb-target-group-db67/a15c9f1887767cc9",
                            "deregistration_delay": "300",
                            "health_check.#": "1",
                            "health_check.0.healthy_threshold": "5",
                            "health_check.0.interval": "30",
                            "health_check.0.matcher": "200",
                            "health_check.0.path": "/",
                            "health_check.0.port": "traffic-port",
                            "health_check.0.protocol": "HTTP",
                            "health_check.0.timeout": "5",
                            "health_check.0.unhealthy_threshold": "2",
                            "id": "arn:aws:elasticloadbalancing:us-east-1:951653432607:targetgroup/production-alb-target-group-db67/a15c9f1887767cc9",
                            "name": "production-alb-target-group-db67",
                            "port": "80",
                            "protocol": "HTTP",
                            "stickiness.#": "1",
                            "stickiness.0.cookie_duration": "86400",
                            "stickiness.0.enabled": "false",
                            "stickiness.0.type": "lb_cookie",
                            "tags.%": "0",
                            "target_type": "ip",
                            "vpc_id": "vpc-3fd28444"
                        },
                        "meta": {},
                        "tainted": false
                    },
                    "deposed": [],
                    "provider": "provider.aws"
                },
                "aws_appautoscaling_policy.down": {
                    "type": "aws_appautoscaling_policy",
                    "depends_on": [
                        "aws_appautoscaling_target.target",
                        "aws_ecs_cluster.cluster",
                        "aws_ecs_service.web"
                    ],
                    "primary": {
                        "id": "production_scale_down",
                        "attributes": {
                            "alarms.#": "0",
                            "arn": "arn:aws:autoscaling:us-east-1:951653432607:scalingPolicy:34100d1e-dc1c-4505-94b0-e6786522672a:resource/ecs/service/production-ecs-cluster/production-web:policyName/production_scale_down",
                            "id": "production_scale_down",
                            "name": "production_scale_down",
                            "policy_type": "StepScaling",
                            "resource_id": "service/production-ecs-cluster/production-web",
                            "scalable_dimension": "ecs:service:DesiredCount",
                            "service_namespace": "ecs",
                            "step_scaling_policy_configuration.#": "1",
                            "step_scaling_policy_configuration.0.adjustment_type": "ChangeInCapacity",
                            "step_scaling_policy_configuration.0.cooldown": "60",
                            "step_scaling_policy_configuration.0.metric_aggregation_type": "Maximum",
                            "step_scaling_policy_configuration.0.min_adjustment_magnitude": "0",
                            "step_scaling_policy_configuration.0.step_adjustment.#": "1",
                            "step_scaling_policy_configuration.0.step_adjustment.1330763481.metric_interval_lower_bound": "0",
                            "step_scaling_policy_configuration.0.step_adjustment.1330763481.metric_interval_upper_bound": "-1",
                            "step_scaling_policy_configuration.0.step_adjustment.1330763481.scaling_adjustment": "-1",
                            "target_tracking_scaling_policy_configuration.#": "0"
                        },
                        "meta": {},
                        "tainted": false
                    },
                    "deposed": [],
                    "provider": "provider.aws"
                },
                "aws_appautoscaling_policy.up": {
                    "type": "aws_appautoscaling_policy",
                    "depends_on": [
                        "aws_appautoscaling_target.target",
                        "aws_ecs_cluster.cluster",
                        "aws_ecs_service.web"
                    ],
                    "primary": {
                        "id": "production_scale_up",
                        "attributes": {
                            "alarms.#": "0",
                            "arn": "arn:aws:autoscaling:us-east-1:951653432607:scalingPolicy:34100d1e-dc1c-4505-94b0-e6786522672a:resource/ecs/service/production-ecs-cluster/production-web:policyName/production_scale_up",
                            "id": "production_scale_up",
                            "name": "production_scale_up",
                            "policy_type": "StepScaling",
                            "resource_id": "service/production-ecs-cluster/production-web",
                            "scalable_dimension": "ecs:service:DesiredCount",
                            "service_namespace": "ecs",
                            "step_scaling_policy_configuration.#": "1",
                            "step_scaling_policy_configuration.0.adjustment_type": "ChangeInCapacity",
                            "step_scaling_policy_configuration.0.cooldown": "60",
                            "step_scaling_policy_configuration.0.metric_aggregation_type": "Maximum",
                            "step_scaling_policy_configuration.0.min_adjustment_magnitude": "0",
                            "step_scaling_policy_configuration.0.step_adjustment.#": "1",
                            "step_scaling_policy_configuration.0.step_adjustment.2280411133.metric_interval_lower_bound": "0",
                            "step_scaling_policy_configuration.0.step_adjustment.2280411133.metric_interval_upper_bound": "-1",
                            "step_scaling_policy_configuration.0.step_adjustment.2280411133.scaling_adjustment": "1",
                            "target_tracking_scaling_policy_configuration.#": "0"
                        },
                        "meta": {},
                        "tainted": false
                    },
                    "deposed": [],
                    "provider": "provider.aws"
                },
                "aws_appautoscaling_target.target": {
                    "type": "aws_appautoscaling_target",
                    "depends_on": [
                        "aws_ecs_cluster.cluster",
                        "aws_ecs_service.web",
                        "aws_iam_role.ecs_autoscale_role"
                    ],
                    "primary": {
                        "id": "service/production-ecs-cluster/production-web",
                        "attributes": {
                            "id": "service/production-ecs-cluster/production-web",
                            "max_capacity": "4",
                            "min_capacity": "2",
                            "resource_id": "service/production-ecs-cluster/production-web",
                            "role_arn": "arn:aws:iam::951653432607:role/aws-service-role/ecs.application-autoscaling.amazonaws.com/AWSServiceRoleForApplicationAutoScaling_ECSService",
                            "scalable_dimension": "ecs:service:DesiredCount",
                            "service_namespace": "ecs"
                        },
                        "meta": {},
                        "tainted": false
                    },
                    "deposed": [],
                    "provider": "provider.aws"
                },
                "aws_cloudwatch_log_group.polyledger": {
                    "type": "aws_cloudwatch_log_group",
                    "depends_on": [],
                    "primary": {
                        "id": "polyledger",
                        "attributes": {
                            "arn": "arn:aws:logs:us-east-1:951653432607:log-group:polyledger:*",
                            "id": "polyledger",
                            "kms_key_id": "",
                            "name": "polyledger",
                            "retention_in_days": "0",
                            "tags.%": "2",
                            "tags.Application": "Polyledger",
                            "tags.Environment": "production"
                        },
                        "meta": {},
                        "tainted": false
                    },
                    "deposed": [],
                    "provider": "provider.aws"
                },
                "aws_cloudwatch_metric_alarm.service_cpu_high": {
                    "type": "aws_cloudwatch_metric_alarm",
                    "depends_on": [
                        "aws_appautoscaling_policy.down",
                        "aws_appautoscaling_policy.up",
                        "aws_ecs_cluster.cluster",
                        "aws_ecs_service.web"
                    ],
                    "primary": {
                        "id": "production_polyledger_web_cpu_utilization_high",
                        "attributes": {
                            "actions_enabled": "true",
                            "alarm_actions.#": "1",
                            "alarm_actions.167264661": "arn:aws:autoscaling:us-east-1:951653432607:scalingPolicy:34100d1e-dc1c-4505-94b0-e6786522672a:resource/ecs/service/production-ecs-cluster/production-web:policyName/production_scale_up",
                            "alarm_description": "",
                            "alarm_name": "production_polyledger_web_cpu_utilization_high",
                            "comparison_operator": "GreaterThanOrEqualToThreshold",
                            "datapoints_to_alarm": "0",
                            "dimensions.%": "2",
                            "dimensions.ClusterName": "production-ecs-cluster",
                            "dimensions.ServiceName": "production-web",
                            "evaluate_low_sample_count_percentiles": "",
                            "evaluation_periods": "2",
                            "extended_statistic": "",
                            "id": "production_polyledger_web_cpu_utilization_high",
                            "insufficient_data_actions.#": "0",
                            "metric_name": "CPUUtilization",
                            "namespace": "AWS/ECS",
                            "ok_actions.#": "1",
                            "ok_actions.2040488839": "arn:aws:autoscaling:us-east-1:951653432607:scalingPolicy:34100d1e-dc1c-4505-94b0-e6786522672a:resource/ecs/service/production-ecs-cluster/production-web:policyName/production_scale_down",
                            "period": "60",
                            "statistic": "Maximum",
                            "threshold": "85",
                            "treat_missing_data": "missing",
                            "unit": ""
                        },
                        "meta": {
                            "schema_version": "1"
                        },
                        "tainted": false
                    },
                    "deposed": [],
                    "provider": "provider.aws"
                },
                "aws_ecr_repository.polyledger_app": {
                    "type": "aws_ecr_repository",
                    "depends_on": [],
                    "primary": {
                        "id": "polyledger/production",
                        "attributes": {
                            "arn": "arn:aws:ecr:us-east-1:951653432607:repository/polyledger/production",
                            "id": "polyledger/production",
                            "name": "polyledger/production",
                            "registry_id": "951653432607",
                            "repository_url": "951653432607.dkr.ecr.us-east-1.amazonaws.com/polyledger/production"
                        },
                        "meta": {},
                        "tainted": false
                    },
                    "deposed": [],
                    "provider": "provider.aws"
                },
                "aws_ecs_cluster.cluster": {
                    "type": "aws_ecs_cluster",
                    "depends_on": [],
                    "primary": {
                        "id": "arn:aws:ecs:us-east-1:951653432607:cluster/production-ecs-cluster",
                        "attributes": {
                            "arn": "arn:aws:ecs:us-east-1:951653432607:cluster/production-ecs-cluster",
                            "id": "arn:aws:ecs:us-east-1:951653432607:cluster/production-ecs-cluster",
                            "name": "production-ecs-cluster"
                        },
                        "meta": {},
                        "tainted": false
                    },
                    "deposed": [],
                    "provider": "provider.aws"
                },
                "aws_ecs_service.celery-service": {
                    "type": "aws_ecs_service",
                    "depends_on": [
                        "aws_ecs_cluster.cluster",
                        "aws_ecs_task_definition.celery-task",
                        "aws_iam_role_policy.ecs_service_role_policy",
                        "aws_security_group.ecs_service"
                    ],
                    "primary": {
                        "id": "arn:aws:ecs:us-east-1:951653432607:service/production-celery",
                        "attributes": {
                            "cluster": "arn:aws:ecs:us-east-1:951653432607:cluster/production-ecs-cluster",
                            "deployment_maximum_percent": "100",
                            "deployment_minimum_healthy_percent": "0",
                            "desired_count": "1",
                            "health_check_grace_period_seconds": "0",
                            "iam_role": "aws-service-role",
                            "id": "arn:aws:ecs:us-east-1:951653432607:service/production-celery",
                            "launch_type": "FARGATE",
                            "load_balancer.#": "0",
                            "name": "production-celery",
                            "network_configuration.#": "1",
                            "network_configuration.0.assign_public_ip": "false",
                            "network_configuration.0.security_groups.#": "4",
                            "network_configuration.0.security_groups.1338637114": "sg-144e4d5d",
                            "network_configuration.0.security_groups.1562463696": "sg-58474411",
                            "network_configuration.0.security_groups.2054285084": "sg-c553508c",
                            "network_configuration.0.security_groups.3691495237": "sg-e55b58ac",
                            "network_configuration.0.subnets.#": "2",
                            "network_configuration.0.subnets.2459806837": "subnet-db7a94f5",
                            "network_configuration.0.subnets.548909720": "subnet-d5de21b2",
                            "placement_constraints.#": "0",
                            "placement_strategy.#": "0",
                            "service_registries.#": "0",
                            "task_definition": "arn:aws:ecs:us-east-1:951653432607:task-definition/production_celery:1"
                        },
                        "meta": {},
                        "tainted": false
                    },
                    "deposed": [],
                    "provider": "provider.aws"
                },
                "aws_ecs_service.web": {
                    "type": "aws_ecs_service",
                    "depends_on": [
                        "aws_alb_target_group.alb_target_group",
                        "aws_ecs_cluster.cluster",
                        "aws_ecs_task_definition.web",
                        "aws_iam_role_policy.ecs_service_role_policy",
                        "aws_security_group.ecs_service",
                        "data.aws_ecs_task_definition.web"
                    ],
                    "primary": {
                        "id": "arn:aws:ecs:us-east-1:951653432607:service/production-web",
                        "attributes": {
                            "cluster": "arn:aws:ecs:us-east-1:951653432607:cluster/production-ecs-cluster",
                            "deployment_maximum_percent": "200",
                            "deployment_minimum_healthy_percent": "100",
                            "desired_count": "2",
                            "health_check_grace_period_seconds": "0",
                            "iam_role": "aws-service-role",
                            "id": "arn:aws:ecs:us-east-1:951653432607:service/production-web",
                            "launch_type": "FARGATE",
                            "load_balancer.#": "1",
                            "load_balancer.1556249910.container_name": "web",
                            "load_balancer.1556249910.container_port": "80",
                            "load_balancer.1556249910.elb_name": "",
                            "load_balancer.1556249910.target_group_arn": "arn:aws:elasticloadbalancing:us-east-1:951653432607:targetgroup/production-alb-target-group-db67/a15c9f1887767cc9",
                            "name": "production-web",
                            "network_configuration.#": "1",
                            "network_configuration.0.assign_public_ip": "false",
                            "network_configuration.0.security_groups.#": "4",
                            "network_configuration.0.security_groups.1338637114": "sg-144e4d5d",
                            "network_configuration.0.security_groups.1562463696": "sg-58474411",
                            "network_configuration.0.security_groups.2054285084": "sg-c553508c",
                            "network_configuration.0.security_groups.3691495237": "sg-e55b58ac",
                            "network_configuration.0.subnets.#": "2",
                            "network_configuration.0.subnets.2459806837": "subnet-db7a94f5",
                            "network_configuration.0.subnets.548909720": "subnet-d5de21b2",
                            "placement_constraints.#": "0",
                            "placement_strategy.#": "0",
                            "service_registries.#": "0",
                            "task_definition": "production_web:11"
                        },
                        "meta": {},
                        "tainted": false
                    },
                    "deposed": [],
                    "provider": "provider.aws"
                },
                "aws_ecs_task_definition.celery-task": {
                    "type": "aws_ecs_task_definition",
                    "depends_on": [
                        "aws_iam_role.ecs_execution_role",
                        "template_file.celery_task"
                    ],
                    "primary": {
                        "id": "production_celery",
                        "attributes": {
                            "arn": "arn:aws:ecs:us-east-1:951653432607:task-definition/production_celery:1",
                            "container_definitions": "[{\"command\":[\"celery\",\"--app\",\"polyledger\",\"worker\",\"--loglevel=INFO\",\"-u\",\"matt\"],\"cpu\":0,\"environment\":[],\"essential\":true,\"image\":\"951653432607.dkr.ecr.us-east-1.amazonaws.com/polyledger/production\",\"links\":[],\"memory\":300,\"mountPoints\":[],\"name\":\"celery\",\"portMappings\":[],\"volumesFrom\":[]}]",
                            "cpu": "256",
                            "execution_role_arn": "arn:aws:iam::951653432607:role/ecs_task_execution_role",
                            "family": "production_celery",
                            "id": "production_celery",
                            "memory": "512",
                            "network_mode": "awsvpc",
                            "placement_constraints.#": "0",
                            "requires_compatibilities.#": "1",
                            "requires_compatibilities.3072437307": "FARGATE",
                            "revision": "1",
                            "task_role_arn": "arn:aws:iam::951653432607:role/ecs_task_execution_role",
                            "volume.#": "0"
                        },
                        "meta": {
                            "schema_version": "1"
                        },
                        "tainted": false
                    },
                    "deposed": [],
                    "provider": "provider.aws"
                },
                "aws_ecs_task_definition.web": {
                    "type": "aws_ecs_task_definition",
                    "depends_on": [
                        "aws_ecs_task_definition.web"
                    ],
                    "primary": {
                        "id": "production_web",
                        "attributes": {
                            "arn": "arn:aws:ecs:us-east-1:951653432607:task-definition/production_web:10",
                            "container_definitions": "[{\"cpu\":0,\"environment\":[{\"name\":\"DATABASE_URL\",\"value\":\"postgresql://app:myawesomepasswordproduction@production-database.c3e8nhng9em0.us-east-1.rds.amazonaws.com:5432/polyledger_production?encoding=utf8\u0026pool=40\"},{\"name\":\"PORT\",\"value\":\"80\"},{\"name\":\"SECRET_KEY_BASE\",\"value\":\"4!!ro=bp9po_v^^n^*i!aftl43tv78e#@at0xfdm191m@r3b4j\"},{\"name\":\"REDIS_URL\",\"value\":\"redis://redis-production.lbzrs2.clustercfg.use1.cache.amazonaws.com:6379/1\"}],\"essential\":true,\"image\":\"951653432607.dkr.ecr.us-east-1.amazonaws.com/polyledger/production\",\"logConfiguration\":{\"logDriver\":\"awslogs\",\"options\":{\"awslogs-group\":\"polyledger\",\"awslogs-region\":\"us-east-1\",\"awslogs-stream-prefix\":\"web\"}},\"memory\":300,\"mountPoints\":[],\"name\":\"web\",\"portMappings\":[{\"containerPort\":80,\"hostPort\":80,\"protocol\":\"tcp\"}],\"volumesFrom\":[]}]",
                            "cpu": "256",
                            "execution_role_arn": "arn:aws:iam::951653432607:role/ecs_task_execution_role",
                            "family": "production_web",
                            "id": "production_web",
                            "memory": "512",
                            "network_mode": "awsvpc",
                            "placement_constraints.#": "0",
                            "requires_compatibilities.#": "1",
                            "requires_compatibilities.3072437307": "FARGATE",
                            "revision": "10",
                            "task_role_arn": "arn:aws:iam::951653432607:role/ecs_task_execution_role",
                            "volume.#": "0"
                        },
                        "meta": {
                            "schema_version": "1"
                        },
                        "tainted": false
                    },
                    "deposed": [],
                    "provider": "provider.aws"
                },
                "aws_iam_role.ecs_autoscale_role": {
                    "type": "aws_iam_role",
                    "depends_on": [],
                    "primary": {
                        "id": "production_ecs_autoscale_role",
                        "attributes": {
                            "arn": "arn:aws:iam::951653432607:role/production_ecs_autoscale_role",
                            "assume_role_policy": "{\"Version\":\"2012-10-17\",\"Statement\":[{\"Effect\":\"Allow\",\"Principal\":{\"Service\":\"application-autoscaling.amazonaws.com\"},\"Action\":\"sts:AssumeRole\"}]}",
                            "create_date": "2018-05-01T03:00:17Z",
                            "force_detach_policies": "false",
                            "id": "production_ecs_autoscale_role",
                            "max_session_duration": "3600",
                            "name": "production_ecs_autoscale_role",
                            "path": "/",
                            "unique_id": "AROAJIMZCRZKWYVUWU4NG"
                        },
                        "meta": {},
                        "tainted": false
                    },
                    "deposed": [],
                    "provider": "provider.aws"
                },
                "aws_iam_role.ecs_execution_role": {
                    "type": "aws_iam_role",
                    "depends_on": [],
                    "primary": {
                        "id": "ecs_task_execution_role",
                        "attributes": {
                            "arn": "arn:aws:iam::951653432607:role/ecs_task_execution_role",
                            "assume_role_policy": "{\"Version\":\"2012-10-17\",\"Statement\":[{\"Sid\":\"\",\"Effect\":\"Allow\",\"Principal\":{\"Service\":\"ecs-tasks.amazonaws.com\"},\"Action\":\"sts:AssumeRole\"}]}",
                            "create_date": "2018-05-01T03:00:17Z",
                            "force_detach_policies": "false",
                            "id": "ecs_task_execution_role",
                            "max_session_duration": "3600",
                            "name": "ecs_task_execution_role",
                            "path": "/",
                            "unique_id": "AROAIM6HTMNCN7XTJ6YSW"
                        },
                        "meta": {},
                        "tainted": false
                    },
                    "deposed": [],
                    "provider": "provider.aws"
                },
                "aws_iam_role.ecs_role": {
                    "type": "aws_iam_role",
                    "depends_on": [
                        "data.aws_iam_policy_document.ecs_service_role"
                    ],
                    "primary": {
                        "id": "ecs_role",
                        "attributes": {
                            "arn": "arn:aws:iam::951653432607:role/ecs_role",
                            "assume_role_policy": "{\"Version\":\"2012-10-17\",\"Statement\":[{\"Sid\":\"\",\"Effect\":\"Allow\",\"Principal\":{\"Service\":\"ecs.amazonaws.com\"},\"Action\":\"sts:AssumeRole\"}]}",
                            "create_date": "2018-05-01T03:00:17Z",
                            "force_detach_policies": "false",
                            "id": "ecs_role",
                            "max_session_duration": "3600",
                            "name": "ecs_role",
                            "path": "/",
                            "unique_id": "AROAJMMITTEFIIJMOOWME"
                        },
                        "meta": {},
                        "tainted": false
                    },
                    "deposed": [],
                    "provider": "provider.aws"
                },
                "aws_iam_role_policy.ecs_autoscale_role_policy": {
                    "type": "aws_iam_role_policy",
                    "depends_on": [
                        "aws_iam_role.ecs_autoscale_role"
                    ],
                    "primary": {
                        "id": "production_ecs_autoscale_role:ecs_autoscale_role_policy",
                        "attributes": {
                            "id": "production_ecs_autoscale_role:ecs_autoscale_role_policy",
                            "name": "ecs_autoscale_role_policy",
                            "policy": "{\n  \"Version\": \"2012-10-17\",\n  \"Statement\": [\n    {\n      \"Effect\": \"Allow\",\n      \"Action\": [\n        \"ecs:DescribeServices\",\n        \"ecs:UpdateService\"\n      ],\n      \"Resource\": [\n        \"*\"\n      ]\n    },\n    {\n      \"Effect\": \"Allow\",\n      \"Action\": [\n        \"cloudwatch:DescribeAlarms\"\n      ],\n      \"Resource\": [\n        \"*\"\n      ]\n    }\n  ]\n}\n",
                            "role": "production_ecs_autoscale_role"
                        },
                        "meta": {},
                        "tainted": false
                    },
                    "deposed": [],
                    "provider": "provider.aws"
                },
                "aws_iam_role_policy.ecs_execution_role_policy": {
                    "type": "aws_iam_role_policy",
                    "depends_on": [
                        "aws_iam_role.ecs_execution_role"
                    ],
                    "primary": {
                        "id": "ecs_task_execution_role:ecs_execution_role_policy",
                        "attributes": {
                            "id": "ecs_task_execution_role:ecs_execution_role_policy",
                            "name": "ecs_execution_role_policy",
                            "policy": "{\n  \"Version\": \"2012-10-17\",\n  \"Statement\": [\n    {\n      \"Effect\": \"Allow\",\n      \"Action\": [\n        \"ecr:GetAuthorizationToken\",\n        \"ecr:BatchCheckLayerAvailability\",\n        \"ecr:GetDownloadUrlForLayer\",\n        \"ecr:BatchGetImage\",\n        \"logs:CreateLogStream\",\n        \"logs:PutLogEvents\"\n      ],\n      \"Resource\": \"*\"\n    }\n  ]\n}\n",
                            "role": "ecs_task_execution_role"
                        },
                        "meta": {},
                        "tainted": false
                    },
                    "deposed": [],
                    "provider": "provider.aws"
                },
                "aws_iam_role_policy.ecs_service_role_policy": {
                    "type": "aws_iam_role_policy",
                    "depends_on": [
                        "aws_iam_role.ecs_role",
                        "data.aws_iam_policy_document.ecs_service_policy"
                    ],
                    "primary": {
                        "id": "ecs_role:ecs_service_role_policy",
                        "attributes": {
                            "id": "ecs_role:ecs_service_role_policy",
                            "name": "ecs_service_role_policy",
                            "policy": "{\n  \"Version\": \"2012-10-17\",\n  \"Statement\": [\n    {\n      \"Sid\": \"\",\n      \"Effect\": \"Allow\",\n      \"Action\": [\n        \"elasticloadbalancing:RegisterInstancesWithLoadBalancer\",\n        \"elasticloadbalancing:Describe*\",\n        \"elasticloadbalancing:DeregisterInstancesFromLoadBalancer\",\n        \"ec2:Describe*\",\n        \"ec2:AuthorizeSecurityGroupIngress\"\n      ],\n      \"Resource\": \"*\"\n    }\n  ]\n}",
                            "role": "ecs_role"
                        },
                        "meta": {},
                        "tainted": false
                    },
                    "deposed": [],
                    "provider": "provider.aws"
                },
                "aws_security_group.ecs_service": {
                    "type": "aws_security_group",
                    "depends_on": [],
                    "primary": {
                        "id": "sg-58474411",
                        "attributes": {
                            "arn": "arn:aws:ec2:us-east-1:951653432607:security-group/sg-58474411",
                            "description": "Allow egress from container",
                            "egress.#": "1",
                            "egress.482069346.cidr_blocks.#": "1",
                            "egress.482069346.cidr_blocks.0": "0.0.0.0/0",
                            "egress.482069346.description": "",
                            "egress.482069346.from_port": "0",
                            "egress.482069346.ipv6_cidr_blocks.#": "0",
                            "egress.482069346.prefix_list_ids.#": "0",
                            "egress.482069346.protocol": "-1",
                            "egress.482069346.security_groups.#": "0",
                            "egress.482069346.self": "false",
                            "egress.482069346.to_port": "0",
                            "id": "sg-58474411",
                            "ingress.#": "1",
                            "ingress.3068409405.cidr_blocks.#": "1",
                            "ingress.3068409405.cidr_blocks.0": "0.0.0.0/0",
                            "ingress.3068409405.description": "",
                            "ingress.3068409405.from_port": "8",
                            "ingress.3068409405.ipv6_cidr_blocks.#": "0",
                            "ingress.3068409405.protocol": "icmp",
                            "ingress.3068409405.security_groups.#": "0",
                            "ingress.3068409405.self": "false",
                            "ingress.3068409405.to_port": "0",
                            "name": "production-ecs-service-sg",
                            "owner_id": "951653432607",
                            "revoke_rules_on_delete": "false",
                            "tags.%": "2",
                            "tags.Environment": "production",
                            "tags.Name": "production-ecs-service-sg",
                            "vpc_id": "vpc-3fd28444"
                        },
                        "meta": {
                            "e2bfb730-ecaa-11e6-8f88-34363bc7c4c0": {
                                "create": 600000000000,
                                "delete": 600000000000
                            },
                            "schema_version": "1"
                        },
                        "tainted": false
                    },
                    "deposed": [],
                    "provider": "provider.aws"
                },
                "aws_security_group.web_inbound_sg": {
                    "type": "aws_security_group",
                    "depends_on": [],
                    "primary": {
                        "id": "sg-4745460e",
                        "attributes": {
                            "arn": "arn:aws:ec2:us-east-1:951653432607:security-group/sg-4745460e",
                            "description": "Allow HTTP from Anywhere into ALB",
                            "egress.#": "1",
                            "egress.482069346.cidr_blocks.#": "1",
                            "egress.482069346.cidr_blocks.0": "0.0.0.0/0",
                            "egress.482069346.description": "",
                            "egress.482069346.from_port": "0",
                            "egress.482069346.ipv6_cidr_blocks.#": "0",
                            "egress.482069346.prefix_list_ids.#": "0",
                            "egress.482069346.protocol": "-1",
                            "egress.482069346.security_groups.#": "0",
                            "egress.482069346.self": "false",
                            "egress.482069346.to_port": "0",
                            "id": "sg-4745460e",
                            "ingress.#": "2",
                            "ingress.2214680975.cidr_blocks.#": "1",
                            "ingress.2214680975.cidr_blocks.0": "0.0.0.0/0",
                            "ingress.2214680975.description": "",
                            "ingress.2214680975.from_port": "80",
                            "ingress.2214680975.ipv6_cidr_blocks.#": "0",
                            "ingress.2214680975.protocol": "tcp",
                            "ingress.2214680975.security_groups.#": "0",
                            "ingress.2214680975.self": "false",
                            "ingress.2214680975.to_port": "80",
                            "ingress.3068409405.cidr_blocks.#": "1",
                            "ingress.3068409405.cidr_blocks.0": "0.0.0.0/0",
                            "ingress.3068409405.description": "",
                            "ingress.3068409405.from_port": "8",
                            "ingress.3068409405.ipv6_cidr_blocks.#": "0",
                            "ingress.3068409405.protocol": "icmp",
                            "ingress.3068409405.security_groups.#": "0",
                            "ingress.3068409405.self": "false",
                            "ingress.3068409405.to_port": "0",
                            "name": "production-web-inbound-sg",
                            "owner_id": "951653432607",
                            "revoke_rules_on_delete": "false",
                            "tags.%": "1",
                            "tags.Name": "production-web-inbound-sg",
                            "vpc_id": "vpc-3fd28444"
                        },
                        "meta": {
                            "e2bfb730-ecaa-11e6-8f88-34363bc7c4c0": {
                                "create": 600000000000,
                                "delete": 600000000000
                            },
                            "schema_version": "1"
                        },
                        "tainted": false
                    },
                    "deposed": [],
                    "provider": "provider.aws"
                },
                "data.aws_ecs_task_definition.web": {
                    "type": "aws_ecs_task_definition",
                    "depends_on": [
                        "aws_ecs_task_definition.web"
                    ],
                    "primary": {
                        "id": "arn:aws:ecs:us-east-1:951653432607:task-definition/production_web:11",
                        "attributes": {
                            "family": "production_web",
                            "id": "arn:aws:ecs:us-east-1:951653432607:task-definition/production_web:11",
                            "network_mode": "awsvpc",
                            "revision": "11",
                            "status": "ACTIVE",
                            "task_definition": "production_web",
                            "task_role_arn": "arn:aws:iam::951653432607:role/ecs_task_execution_role"
                        },
                        "meta": {},
                        "tainted": false
                    },
                    "deposed": [],
                    "provider": "provider.aws"
                },
                "data.aws_iam_policy_document.ecs_service_policy": {
                    "type": "aws_iam_policy_document",
                    "depends_on": [],
                    "primary": {
                        "id": "3615693260",
                        "attributes": {
                            "id": "3615693260",
                            "json": "{\n  \"Version\": \"2012-10-17\",\n  \"Statement\": [\n    {\n      \"Sid\": \"\",\n      \"Effect\": \"Allow\",\n      \"Action\": [\n        \"elasticloadbalancing:RegisterInstancesWithLoadBalancer\",\n        \"elasticloadbalancing:Describe*\",\n        \"elasticloadbalancing:DeregisterInstancesFromLoadBalancer\",\n        \"ec2:Describe*\",\n        \"ec2:AuthorizeSecurityGroupIngress\"\n      ],\n      \"Resource\": \"*\"\n    }\n  ]\n}",
                            "statement.#": "1",
                            "statement.0.actions.#": "5",
                            "statement.0.actions.2459212947": "ec2:Describe*",
                            "statement.0.actions.2464853358": "ec2:AuthorizeSecurityGroupIngress",
                            "statement.0.actions.2706807274": "elasticloadbalancing:DeregisterInstancesFromLoadBalancer",
                            "statement.0.actions.2747799858": "elasticloadbalancing:Describe*",
                            "statement.0.actions.982461153": "elasticloadbalancing:RegisterInstancesWithLoadBalancer",
                            "statement.0.condition.#": "0",
                            "statement.0.effect": "Allow",
                            "statement.0.not_actions.#": "0",
                            "statement.0.not_principals.#": "0",
                            "statement.0.not_resources.#": "0",
                            "statement.0.principals.#": "0",
                            "statement.0.resources.#": "1",
                            "statement.0.resources.2679715827": "*",
                            "statement.0.sid": ""
                        },
                        "meta": {},
                        "tainted": false
                    },
                    "deposed": [],
                    "provider": "provider.aws"
                },
                "data.aws_iam_policy_document.ecs_service_role": {
                    "type": "aws_iam_policy_document",
                    "depends_on": [],
                    "primary": {
                        "id": "3622649364",
                        "attributes": {
                            "id": "3622649364",
                            "json": "{\n  \"Version\": \"2012-10-17\",\n  \"Statement\": [\n    {\n      \"Sid\": \"\",\n      \"Effect\": \"Allow\",\n      \"Action\": \"sts:AssumeRole\",\n      \"Principal\": {\n        \"Service\": \"ecs.amazonaws.com\"\n      }\n    }\n  ]\n}",
                            "statement.#": "1",
                            "statement.0.actions.#": "1",
                            "statement.0.actions.2528466339": "sts:AssumeRole",
                            "statement.0.condition.#": "0",
                            "statement.0.effect": "Allow",
                            "statement.0.not_actions.#": "0",
                            "statement.0.not_principals.#": "0",
                            "statement.0.not_resources.#": "0",
                            "statement.0.principals.#": "1",
                            "statement.0.principals.1113412664.identifiers.#": "1",
                            "statement.0.principals.1113412664.identifiers.1509832800": "ecs.amazonaws.com",
                            "statement.0.principals.1113412664.type": "Service",
                            "statement.0.resources.#": "0",
                            "statement.0.sid": ""
                        },
                        "meta": {},
                        "tainted": false
                    },
                    "deposed": [],
                    "provider": "provider.aws"
                },
                "data.template_file.web_task": {
                    "type": "template_file",
                    "depends_on": [
                        "aws_cloudwatch_log_group.polyledger",
                        "aws_ecr_repository.polyledger_app"
                    ],
                    "primary": {
                        "id": "1a4c062afa456eb38eed2e4bc338d5cbf61247d019d0055c38b1aa5515c52fd6",
                        "attributes": {
                            "id": "1a4c062afa456eb38eed2e4bc338d5cbf61247d019d0055c38b1aa5515c52fd6",
                            "rendered": "[\n  {\n    \"name\": \"web\",\n    \"image\": \"951653432607.dkr.ecr.us-east-1.amazonaws.com/polyledger/production\",\n    \"portMappings\": [\n      {\n        \"containerPort\": 80,\n        \"hostPort\": 80\n      }\n    ],\n    \"memory\": 300,\n    \"networkMode\": \"awsvpc\",\n    \"logConfiguration\": {\n      \"logDriver\": \"awslogs\",\n      \"options\": {\n        \"awslogs-group\": \"polyledger\",\n        \"awslogs-region\": \"us-east-1\",\n        \"awslogs-stream-prefix\": \"web\"\n      }\n    },\n    \"environment\": [\n      {\n        \"name\": \"PORT\",\n        \"value\": \"80\"\n      },\n      {\n        \"name\": \"DATABASE_URL\",\n        \"value\": \"postgresql://app:myawesomepasswordproduction@production-database.c3e8nhng9em0.us-east-1.rds.amazonaws.com:5432/polyledger_production?encoding=utf8\u0026pool=40\"\n      },\n      {\n        \"name\": \"REDIS_URL\",\n        \"value\": \"redis://redis-production.lbzrs2.clustercfg.use1.cache.amazonaws.com:6379/1\"\n      },\n      {\n        \"name\": \"SECRET_KEY_BASE\",\n        \"value\": \"4!!ro=bp9po_v^^n^*i!aftl43tv78e#@at0xfdm191m@r3b4j\"\n      }\n    ]\n  }\n]\n",
                            "template": "[\n  {\n    \"name\": \"web\",\n    \"image\": \"${image}\",\n    \"portMappings\": [\n      {\n        \"containerPort\": 80,\n        \"hostPort\": 80\n      }\n    ],\n    \"memory\": 300,\n    \"networkMode\": \"awsvpc\",\n    \"logConfiguration\": {\n      \"logDriver\": \"awslogs\",\n      \"options\": {\n        \"awslogs-group\": \"${log_group}\",\n        \"awslogs-region\": \"us-east-1\",\n        \"awslogs-stream-prefix\": \"web\"\n      }\n    },\n    \"environment\": [\n      {\n        \"name\": \"PORT\",\n        \"value\": \"80\"\n      },\n      {\n        \"name\": \"DATABASE_URL\",\n        \"value\": \"${database_url}\"\n      },\n      {\n        \"name\": \"REDIS_URL\",\n        \"value\": \"${redis_url}\"\n      },\n      {\n        \"name\": \"SECRET_KEY_BASE\",\n        \"value\": \"${secret_key_base}\"\n      }\n    ]\n  }\n]\n",
                            "vars.%": "5",
                            "vars.database_url": "postgresql://app:myawesomepasswordproduction@production-database.c3e8nhng9em0.us-east-1.rds.amazonaws.com:5432/polyledger_production?encoding=utf8\u0026pool=40",
                            "vars.image": "951653432607.dkr.ecr.us-east-1.amazonaws.com/polyledger/production",
                            "vars.log_group": "polyledger",
                            "vars.redis_url": "redis://redis-production.lbzrs2.clustercfg.use1.cache.amazonaws.com:6379/1",
                            "vars.secret_key_base": "4!!ro=bp9po_v^^n^*i!aftl43tv78e#@at0xfdm191m@r3b4j"
                        },
                        "meta": {},
                        "tainted": false
                    },
                    "deposed": [],
                    "provider": "provider.template"
                },
                "random_id.target_group_sufix": {
                    "type": "random_id",
                    "depends_on": [],
                    "primary": {
                        "id": "22c",
                        "attributes": {
                            "b64": "22c",
                            "b64_std": "22c=",
                            "b64_url": "22c",
                            "byte_length": "2",
                            "dec": "56167",
                            "hex": "db67",
                            "id": "22c"
                        },
                        "meta": {},
                        "tainted": false
                    },
                    "deposed": [],
                    "provider": "provider.random"
                },
                "template_file.celery_task": {
                    "type": "template_file",
                    "depends_on": [
                        "aws_ecr_repository.polyledger_app"
                    ],
                    "primary": {
                        "id": "595ad7f6b9e84b7724669305350a62effe8fefd7cb2a4b58deb389a26025fc7f",
                        "attributes": {
                            "id": "595ad7f6b9e84b7724669305350a62effe8fefd7cb2a4b58deb389a26025fc7f",
                            "rendered": "[\n  {\n    \"name\": \"celery\",\n    \"image\": \"951653432607.dkr.ecr.us-east-1.amazonaws.com/polyledger/production\",\n    \"memory\": 300,\n    \"networkMode\": \"awsvpc\",\n    \"volumesFrom\": [],\n    \"links\": [],\n    \"mountPoints\": [],\n    \"essential\": true,\n    \"command\": [\"celery\", \"--app\", \"polyledger\", \"worker\", \"--loglevel=INFO\", \"-u\", \"matt\"],\n    \"environment\": [\n    ]\n  }\n]\n",
                            "template": "[\n  {\n    \"name\": \"celery\",\n    \"image\": \"${image}\",\n    \"memory\": 300,\n    \"networkMode\": \"awsvpc\",\n    \"volumesFrom\": [],\n    \"links\": [],\n    \"mountPoints\": [],\n    \"essential\": true,\n    \"command\": [\"celery\", \"--app\", \"polyledger\", \"worker\", \"--loglevel=INFO\", \"-u\", \"matt\"],\n    \"environment\": [\n    ]\n  }\n]\n",
                            "vars.%": "1",
                            "vars.image": "951653432607.dkr.ecr.us-east-1.amazonaws.com/polyledger/production"
                        },
                        "meta": {},
                        "tainted": false
                    },
                    "deposed": [],
                    "provider": "provider.template"
                }
            },
            "depends_on": []
        },
        {
            "path": [
                "root",
                "elasticache"
            ],
            "outputs": {
                "elasticache_access_sg_id": {
                    "sensitive": false,
                    "type": "string",
                    "value": "sg-c553508c"
                },
                "elasticache_endpoint": {
                    "sensitive": false,
                    "type": "string",
                    "value": "redis-production.lbzrs2.clustercfg.use1.cache.amazonaws.com"
                }
            },
            "resources": {
                "aws_elasticache_replication_group.elasticache": {
                    "type": "aws_elasticache_replication_group",
                    "depends_on": [
                        "aws_elasticache_subnet_group.elasticache_subnet_group",
                        "aws_security_group.elasticache_sg"
                    ],
                    "primary": {
                        "id": "redis-production",
                        "attributes": {
                            "at_rest_encryption_enabled": "false",
                            "auth_token": "",
                            "auto_minor_version_upgrade": "true",
                            "automatic_failover_enabled": "true",
                            "cluster_mode.#": "1",
                            "cluster_mode.0.num_node_groups": "3",
                            "cluster_mode.0.replicas_per_node_group": "1",
                            "configuration_endpoint_address": "redis-production.lbzrs2.clustercfg.use1.cache.amazonaws.com",
                            "engine": "redis",
                            "engine_version": "3.2.10",
                            "id": "redis-production",
                            "maintenance_window": "thu:09:30-thu:10:30",
                            "node_type": "cache.t2.micro",
                            "number_cache_clusters": "6",
                            "parameter_group_name": "default.redis3.2.cluster.on",
                            "port": "6379",
                            "replication_group_description": "Redis cluster for Hashicorp ElastiCache example",
                            "replication_group_id": "redis-production",
                            "security_group_ids.#": "1",
                            "security_group_ids.431986007": "sg-be4447f7",
                            "security_group_names.#": "0",
                            "snapshot_retention_limit": "5",
                            "snapshot_window": "00:00-05:00",
                            "subnet_group_name": "production-elasticache-subnet-group",
                            "transit_encryption_enabled": "false"
                        },
                        "meta": {
                            "e2bfb730-ecaa-11e6-8f88-34363bc7c4c0": {
                                "create": 3600000000000,
                                "delete": 2400000000000,
                                "update": 2400000000000
                            },
                            "schema_version": "1"
                        },
                        "tainted": false
                    },
                    "deposed": [],
                    "provider": "provider.aws"
                },
                "aws_elasticache_subnet_group.elasticache_subnet_group": {
                    "type": "aws_elasticache_subnet_group",
                    "depends_on": [],
                    "primary": {
                        "id": "production-elasticache-subnet-group",
                        "attributes": {
                            "description": "Elasticache subnet group",
                            "id": "production-elasticache-subnet-group",
                            "name": "production-elasticache-subnet-group",
                            "subnet_ids.#": "2",
                            "subnet_ids.2459806837": "subnet-db7a94f5",
                            "subnet_ids.548909720": "subnet-d5de21b2"
                        },
                        "meta": {},
                        "tainted": false
                    },
                    "deposed": [],
                    "provider": "provider.aws"
                },
                "aws_security_group.elasticache_access_sg": {
                    "type": "aws_security_group",
                    "depends_on": [],
                    "primary": {
                        "id": "sg-c553508c",
                        "attributes": {
                            "arn": "arn:aws:ec2:us-east-1:951653432607:security-group/sg-c553508c",
                            "description": "Allow access to Elasticache",
                            "egress.#": "0",
                            "id": "sg-c553508c",
                            "ingress.#": "0",
                            "name": "production-elasticache-access-sg",
                            "owner_id": "951653432607",
                            "revoke_rules_on_delete": "false",
                            "tags.%": "2",
                            "tags.Environment": "production",
                            "tags.Name": "production-elasticache-access-sg",
                            "vpc_id": "vpc-3fd28444"
                        },
                        "meta": {
                            "e2bfb730-ecaa-11e6-8f88-34363bc7c4c0": {
                                "create": 600000000000,
                                "delete": 600000000000
                            },
                            "schema_version": "1"
                        },
                        "tainted": false
                    },
                    "deposed": [],
                    "provider": "provider.aws"
                },
                "aws_security_group.elasticache_sg": {
                    "type": "aws_security_group",
                    "depends_on": [
                        "aws_security_group.elasticache_access_sg"
                    ],
                    "primary": {
                        "id": "sg-be4447f7",
                        "attributes": {
                            "arn": "arn:aws:ec2:us-east-1:951653432607:security-group/sg-be4447f7",
                            "description": "production Security Group",
                            "egress.#": "1",
                            "egress.482069346.cidr_blocks.#": "1",
                            "egress.482069346.cidr_blocks.0": "0.0.0.0/0",
                            "egress.482069346.description": "",
                            "egress.482069346.from_port": "0",
                            "egress.482069346.ipv6_cidr_blocks.#": "0",
                            "egress.482069346.prefix_list_ids.#": "0",
                            "egress.482069346.protocol": "-1",
                            "egress.482069346.security_groups.#": "0",
                            "egress.482069346.self": "false",
                            "egress.482069346.to_port": "0",
                            "id": "sg-be4447f7",
                            "ingress.#": "2",
                            "ingress.223100710.cidr_blocks.#": "0",
                            "ingress.223100710.description": "",
                            "ingress.223100710.from_port": "6379",
                            "ingress.223100710.ipv6_cidr_blocks.#": "0",
                            "ingress.223100710.protocol": "tcp",
                            "ingress.223100710.security_groups.#": "1",
                            "ingress.223100710.security_groups.2054285084": "sg-c553508c",
                            "ingress.223100710.self": "false",
                            "ingress.223100710.to_port": "6379",
                            "ingress.753360330.cidr_blocks.#": "0",
                            "ingress.753360330.description": "",
                            "ingress.753360330.from_port": "0",
                            "ingress.753360330.ipv6_cidr_blocks.#": "0",
                            "ingress.753360330.protocol": "-1",
                            "ingress.753360330.security_groups.#": "0",
                            "ingress.753360330.self": "true",
                            "ingress.753360330.to_port": "0",
                            "name": "production-elasticache-sg",
                            "owner_id": "951653432607",
                            "revoke_rules_on_delete": "false",
                            "tags.%": "2",
                            "tags.Environment": "production",
                            "tags.Name": "production-rds-sg",
                            "vpc_id": "vpc-3fd28444"
                        },
                        "meta": {
                            "e2bfb730-ecaa-11e6-8f88-34363bc7c4c0": {
                                "create": 600000000000,
                                "delete": 600000000000
                            },
                            "schema_version": "1"
                        },
                        "tainted": false
                    },
                    "deposed": [],
                    "provider": "provider.aws"
                }
            },
            "depends_on": []
        },
        {
            "path": [
                "root",
                "networking"
            ],
            "outputs": {
                "default_sg_id": {
                    "sensitive": false,
                    "type": "string",
                    "value": "sg-144e4d5d"
                },
                "private_subnets_id": {
                    "sensitive": false,
                    "type": "list",
                    "value": [
                        "subnet-d5de21b2",
                        "subnet-db7a94f5"
                    ]
                },
                "public_subnets_id": {
                    "sensitive": false,
                    "type": "list",
                    "value": [
                        "subnet-e5d32c82",
                        "subnet-6a6a8444"
                    ]
                },
                "security_groups_ids": {
                    "sensitive": false,
                    "type": "list",
                    "value": [
                        "sg-144e4d5d"
                    ]
                },
                "vpc_id": {
                    "sensitive": false,
                    "type": "string",
                    "value": "vpc-3fd28444"
                }
            },
            "resources": {
                "aws_eip.nat_eip": {
                    "type": "aws_eip",
                    "depends_on": [
                        "aws_internet_gateway.ig"
                    ],
                    "primary": {
                        "id": "eipalloc-30e1ef39",
                        "attributes": {
                            "association_id": "eipassoc-0762a3fb",
                            "domain": "vpc",
                            "id": "eipalloc-30e1ef39",
                            "instance": "",
                            "network_interface": "eni-9cceb81f",
                            "private_ip": "10.0.1.154",
                            "public_ip": "35.169.12.84",
                            "tags.%": "0",
                            "vpc": "true"
                        },
                        "meta": {
                            "e2bfb730-ecaa-11e6-8f88-34363bc7c4c0": {
                                "delete": 180000000000,
                                "read": 900000000000,
                                "update": 300000000000
                            }
                        },
                        "tainted": false
                    },
                    "deposed": [],
                    "provider": "provider.aws"
                },
                "aws_internet_gateway.ig": {
                    "type": "aws_internet_gateway",
                    "depends_on": [
                        "aws_vpc.vpc"
                    ],
                    "primary": {
                        "id": "igw-6dec8815",
                        "attributes": {
                            "id": "igw-6dec8815",
                            "tags.%": "2",
                            "tags.Environment": "production",
                            "tags.Name": "production-igw",
                            "vpc_id": "vpc-3fd28444"
                        },
                        "meta": {},
                        "tainted": false
                    },
                    "deposed": [],
                    "provider": "provider.aws"
                },
                "aws_nat_gateway.nat": {
                    "type": "aws_nat_gateway",
                    "depends_on": [
                        "aws_eip.nat_eip",
                        "aws_internet_gateway.ig",
                        "aws_subnet.public_subnet.*"
                    ],
                    "primary": {
                        "id": "nat-02fc2d8324cf12e25",
                        "attributes": {
                            "allocation_id": "eipalloc-30e1ef39",
                            "id": "nat-02fc2d8324cf12e25",
                            "network_interface_id": "eni-9cceb81f",
                            "private_ip": "10.0.1.154",
                            "public_ip": "35.169.12.84",
                            "subnet_id": "subnet-e5d32c82",
                            "tags.%": "2",
                            "tags.Environment": "production",
                            "tags.Name": "production-us-east-1a-nat"
                        },
                        "meta": {},
                        "tainted": false
                    },
                    "deposed": [],
                    "provider": "provider.aws"
                },
                "aws_route.private_nat_gateway": {
                    "type": "aws_route",
                    "depends_on": [
                        "aws_nat_gateway.nat",
                        "aws_route_table.private"
                    ],
                    "primary": {
                        "id": "r-rtb-05f3cf791080289494",
                        "attributes": {
                            "destination_cidr_block": "0.0.0.0/0",
                            "destination_prefix_list_id": "",
                            "egress_only_gateway_id": "",
                            "gateway_id": "",
                            "id": "r-rtb-05f3cf791080289494",
                            "instance_id": "",
                            "instance_owner_id": "",
                            "nat_gateway_id": "nat-02fc2d8324cf12e25",
                            "network_interface_id": "",
                            "origin": "CreateRoute",
                            "route_table_id": "rtb-05f3cf79",
                            "state": "active",
                            "vpc_peering_connection_id": ""
                        },
                        "meta": {
                            "e2bfb730-ecaa-11e6-8f88-34363bc7c4c0": {
                                "create": 120000000000,
                                "delete": 300000000000
                            }
                        },
                        "tainted": false
                    },
                    "deposed": [],
                    "provider": "provider.aws"
                },
                "aws_route.public_internet_gateway": {
                    "type": "aws_route",
                    "depends_on": [
                        "aws_internet_gateway.ig",
                        "aws_route_table.public"
                    ],
                    "primary": {
                        "id": "r-rtb-17d8e46b1080289494",
                        "attributes": {
                            "destination_cidr_block": "0.0.0.0/0",
                            "destination_prefix_list_id": "",
                            "egress_only_gateway_id": "",
                            "gateway_id": "igw-6dec8815",
                            "id": "r-rtb-17d8e46b1080289494",
                            "instance_id": "",
                            "instance_owner_id": "",
                            "nat_gateway_id": "",
                            "network_interface_id": "",
                            "origin": "CreateRoute",
                            "route_table_id": "rtb-17d8e46b",
                            "state": "active",
                            "vpc_peering_connection_id": ""
                        },
                        "meta": {
                            "e2bfb730-ecaa-11e6-8f88-34363bc7c4c0": {
                                "create": 120000000000,
                                "delete": 300000000000
                            }
                        },
                        "tainted": false
                    },
                    "deposed": [],
                    "provider": "provider.aws"
                },
                "aws_route_table.private": {
                    "type": "aws_route_table",
                    "depends_on": [
                        "aws_vpc.vpc"
                    ],
                    "primary": {
                        "id": "rtb-05f3cf79",
                        "attributes": {
                            "id": "rtb-05f3cf79",
                            "propagating_vgws.#": "0",
                            "route.#": "1",
                            "route.3735661893.cidr_block": "0.0.0.0/0",
                            "route.3735661893.egress_only_gateway_id": "",
                            "route.3735661893.gateway_id": "",
                            "route.3735661893.instance_id": "",
                            "route.3735661893.ipv6_cidr_block": "",
                            "route.3735661893.nat_gateway_id": "nat-02fc2d8324cf12e25",
                            "route.3735661893.network_interface_id": "",
                            "route.3735661893.vpc_peering_connection_id": "",
                            "tags.%": "2",
                            "tags.Environment": "production",
                            "tags.Name": "production-private-route-table",
                            "vpc_id": "vpc-3fd28444"
                        },
                        "meta": {},
                        "tainted": false
                    },
                    "deposed": [],
                    "provider": "provider.aws"
                },
                "aws_route_table.public": {
                    "type": "aws_route_table",
                    "depends_on": [
                        "aws_vpc.vpc"
                    ],
                    "primary": {
                        "id": "rtb-17d8e46b",
                        "attributes": {
                            "id": "rtb-17d8e46b",
                            "propagating_vgws.#": "0",
                            "route.#": "1",
                            "route.595134769.cidr_block": "0.0.0.0/0",
                            "route.595134769.egress_only_gateway_id": "",
                            "route.595134769.gateway_id": "igw-6dec8815",
                            "route.595134769.instance_id": "",
                            "route.595134769.ipv6_cidr_block": "",
                            "route.595134769.nat_gateway_id": "",
                            "route.595134769.network_interface_id": "",
                            "route.595134769.vpc_peering_connection_id": "",
                            "tags.%": "2",
                            "tags.Environment": "production",
                            "tags.Name": "production-public-route-table",
                            "vpc_id": "vpc-3fd28444"
                        },
                        "meta": {},
                        "tainted": false
                    },
                    "deposed": [],
                    "provider": "provider.aws"
                },
                "aws_route_table_association.private.0": {
                    "type": "aws_route_table_association",
                    "depends_on": [
                        "aws_route_table.private",
                        "aws_subnet.private_subnet.*"
                    ],
                    "primary": {
                        "id": "rtbassoc-11960f6e",
                        "attributes": {
                            "id": "rtbassoc-11960f6e",
                            "route_table_id": "rtb-05f3cf79",
                            "subnet_id": "subnet-d5de21b2"
                        },
                        "meta": {},
                        "tainted": false
                    },
                    "deposed": [],
                    "provider": "provider.aws"
                },
                "aws_route_table_association.private.1": {
                    "type": "aws_route_table_association",
                    "depends_on": [
                        "aws_route_table.private",
                        "aws_subnet.private_subnet.*"
                    ],
                    "primary": {
                        "id": "rtbassoc-dd8a13a2",
                        "attributes": {
                            "id": "rtbassoc-dd8a13a2",
                            "route_table_id": "rtb-05f3cf79",
                            "subnet_id": "subnet-db7a94f5"
                        },
                        "meta": {},
                        "tainted": false
                    },
                    "deposed": [],
                    "provider": "provider.aws"
                },
                "aws_route_table_association.public.0": {
                    "type": "aws_route_table_association",
                    "depends_on": [
                        "aws_route_table.public",
                        "aws_subnet.public_subnet.*"
                    ],
                    "primary": {
                        "id": "rtbassoc-9a8e17e5",
                        "attributes": {
                            "id": "rtbassoc-9a8e17e5",
                            "route_table_id": "rtb-17d8e46b",
                            "subnet_id": "subnet-e5d32c82"
                        },
                        "meta": {},
                        "tainted": false
                    },
                    "deposed": [],
                    "provider": "provider.aws"
                },
                "aws_route_table_association.public.1": {
                    "type": "aws_route_table_association",
                    "depends_on": [
                        "aws_route_table.public",
                        "aws_subnet.public_subnet.*"
                    ],
                    "primary": {
                        "id": "rtbassoc-f68e1789",
                        "attributes": {
                            "id": "rtbassoc-f68e1789",
                            "route_table_id": "rtb-17d8e46b",
                            "subnet_id": "subnet-6a6a8444"
                        },
                        "meta": {},
                        "tainted": false
                    },
                    "deposed": [],
                    "provider": "provider.aws"
                },
                "aws_security_group.default": {
                    "type": "aws_security_group",
                    "depends_on": [
                        "aws_vpc.vpc"
                    ],
                    "primary": {
                        "id": "sg-144e4d5d",
                        "attributes": {
                            "arn": "arn:aws:ec2:us-east-1:951653432607:security-group/sg-144e4d5d",
                            "description": "Default security group to allow inbound/outbound from the VPC",
                            "egress.#": "1",
                            "egress.753360330.cidr_blocks.#": "0",
                            "egress.753360330.description": "",
                            "egress.753360330.from_port": "0",
                            "egress.753360330.ipv6_cidr_blocks.#": "0",
                            "egress.753360330.prefix_list_ids.#": "0",
                            "egress.753360330.protocol": "-1",
                            "egress.753360330.security_groups.#": "0",
                            "egress.753360330.self": "true",
                            "egress.753360330.to_port": "0",
                            "id": "sg-144e4d5d",
                            "ingress.#": "1",
                            "ingress.753360330.cidr_blocks.#": "0",
                            "ingress.753360330.description": "",
                            "ingress.753360330.from_port": "0",
                            "ingress.753360330.ipv6_cidr_blocks.#": "0",
                            "ingress.753360330.protocol": "-1",
                            "ingress.753360330.security_groups.#": "0",
                            "ingress.753360330.self": "true",
                            "ingress.753360330.to_port": "0",
                            "name": "production-default-sg",
                            "owner_id": "951653432607",
                            "revoke_rules_on_delete": "false",
                            "tags.%": "1",
                            "tags.Environment": "production",
                            "vpc_id": "vpc-3fd28444"
                        },
                        "meta": {
                            "e2bfb730-ecaa-11e6-8f88-34363bc7c4c0": {
                                "create": 600000000000,
                                "delete": 600000000000
                            },
                            "schema_version": "1"
                        },
                        "tainted": false
                    },
                    "deposed": [],
                    "provider": "provider.aws"
                },
                "aws_subnet.private_subnet.0": {
                    "type": "aws_subnet",
                    "depends_on": [
                        "aws_vpc.vpc"
                    ],
                    "primary": {
                        "id": "subnet-d5de21b2",
                        "attributes": {
                            "assign_ipv6_address_on_creation": "false",
                            "availability_zone": "us-east-1a",
                            "cidr_block": "10.0.10.0/24",
                            "id": "subnet-d5de21b2",
                            "map_public_ip_on_launch": "false",
                            "tags.%": "2",
                            "tags.Environment": "production",
                            "tags.Name": "production-us-east-1a-private-subnet",
                            "vpc_id": "vpc-3fd28444"
                        },
                        "meta": {
                            "schema_version": "1"
                        },
                        "tainted": false
                    },
                    "deposed": [],
                    "provider": "provider.aws"
                },
                "aws_subnet.private_subnet.1": {
                    "type": "aws_subnet",
                    "depends_on": [
                        "aws_vpc.vpc"
                    ],
                    "primary": {
                        "id": "subnet-db7a94f5",
                        "attributes": {
                            "assign_ipv6_address_on_creation": "false",
                            "availability_zone": "us-east-1b",
                            "cidr_block": "10.0.20.0/24",
                            "id": "subnet-db7a94f5",
                            "map_public_ip_on_launch": "false",
                            "tags.%": "2",
                            "tags.Environment": "production",
                            "tags.Name": "production-us-east-1b-private-subnet",
                            "vpc_id": "vpc-3fd28444"
                        },
                        "meta": {
                            "schema_version": "1"
                        },
                        "tainted": false
                    },
                    "deposed": [],
                    "provider": "provider.aws"
                },
                "aws_subnet.public_subnet.0": {
                    "type": "aws_subnet",
                    "depends_on": [
                        "aws_vpc.vpc"
                    ],
                    "primary": {
                        "id": "subnet-e5d32c82",
                        "attributes": {
                            "assign_ipv6_address_on_creation": "false",
                            "availability_zone": "us-east-1a",
                            "cidr_block": "10.0.1.0/24",
                            "id": "subnet-e5d32c82",
                            "map_public_ip_on_launch": "true",
                            "tags.%": "2",
                            "tags.Environment": "production",
                            "tags.Name": "production-us-east-1a-public-subnet",
                            "vpc_id": "vpc-3fd28444"
                        },
                        "meta": {
                            "schema_version": "1"
                        },
                        "tainted": false
                    },
                    "deposed": [],
                    "provider": "provider.aws"
                },
                "aws_subnet.public_subnet.1": {
                    "type": "aws_subnet",
                    "depends_on": [
                        "aws_vpc.vpc"
                    ],
                    "primary": {
                        "id": "subnet-6a6a8444",
                        "attributes": {
                            "assign_ipv6_address_on_creation": "false",
                            "availability_zone": "us-east-1b",
                            "cidr_block": "10.0.2.0/24",
                            "id": "subnet-6a6a8444",
                            "map_public_ip_on_launch": "true",
                            "tags.%": "2",
                            "tags.Environment": "production",
                            "tags.Name": "production-us-east-1b-public-subnet",
                            "vpc_id": "vpc-3fd28444"
                        },
                        "meta": {
                            "schema_version": "1"
                        },
                        "tainted": false
                    },
                    "deposed": [],
                    "provider": "provider.aws"
                },
                "aws_vpc.vpc": {
                    "type": "aws_vpc",
                    "depends_on": [],
                    "primary": {
                        "id": "vpc-3fd28444",
                        "attributes": {
                            "assign_generated_ipv6_cidr_block": "false",
                            "cidr_block": "10.0.0.0/16",
                            "default_network_acl_id": "acl-f277dd88",
                            "default_route_table_id": "rtb-21e4d85d",
                            "default_security_group_id": "sg-4f4e4d06",
                            "dhcp_options_id": "dopt-5ece3f3b",
                            "enable_classiclink": "false",
                            "enable_classiclink_dns_support": "false",
                            "enable_dns_hostnames": "true",
                            "enable_dns_support": "true",
                            "id": "vpc-3fd28444",
                            "instance_tenancy": "default",
                            "main_route_table_id": "rtb-21e4d85d",
                            "tags.%": "2",
                            "tags.Environment": "production",
                            "tags.Name": "production-vpc"
                        },
                        "meta": {
                            "schema_version": "1"
                        },
                        "tainted": false
                    },
                    "deposed": [],
                    "provider": "provider.aws"
                }
            },
            "depends_on": []
        },
        {
            "path": [
                "root",
                "rds"
            ],
            "outputs": {
                "db_access_sg_id": {
                    "sensitive": false,
                    "type": "string",
                    "value": "sg-e55b58ac"
                },
                "rds_address": {
                    "sensitive": false,
                    "type": "string",
                    "value": "production-database.c3e8nhng9em0.us-east-1.rds.amazonaws.com"
                }
            },
            "resources": {
                "aws_db_instance.rds": {
                    "type": "aws_db_instance",
                    "depends_on": [
                        "aws_db_subnet_group.rds_subnet_group",
                        "aws_security_group.rds_sg"
                    ],
                    "primary": {
                        "id": "production-database",
                        "attributes": {
                            "address": "production-database.c3e8nhng9em0.us-east-1.rds.amazonaws.com",
                            "allocated_storage": "20",
                            "arn": "arn:aws:rds:us-east-1:951653432607:db:production-database",
                            "auto_minor_version_upgrade": "true",
                            "availability_zone": "us-east-1b",
                            "backup_retention_period": "0",
                            "backup_window": "05:37-06:07",
                            "ca_cert_identifier": "rds-ca-2015",
                            "copy_tags_to_snapshot": "false",
                            "db_subnet_group_name": "production-rds-subnet-group",
                            "enabled_cloudwatch_logs_exports.#": "0",
                            "endpoint": "production-database.c3e8nhng9em0.us-east-1.rds.amazonaws.com:5432",
                            "engine": "postgres",
                            "engine_version": "9.6.6",
                            "hosted_zone_id": "Z2R2ITUGPM61AM",
                            "iam_database_authentication_enabled": "false",
                            "id": "production-database",
                            "identifier": "production-database",
                            "instance_class": "db.t2.micro",
                            "iops": "0",
                            "kms_key_id": "",
                            "license_model": "postgresql-license",
                            "maintenance_window": "wed:08:43-wed:09:13",
                            "monitoring_interval": "0",
                            "multi_az": "false",
                            "name": "polyledger_production",
                            "option_group_name": "default:postgres-9-6",
                            "parameter_group_name": "default.postgres9.6",
                            "password": "myawesomepasswordproduction",
                            "port": "5432",
                            "publicly_accessible": "false",
                            "replicas.#": "0",
                            "replicate_source_db": "",
                            "resource_id": "db-VHGFJENL73ES4AD3XQBF725BZI",
                            "security_group_names.#": "0",
                            "skip_final_snapshot": "true",
                            "status": "available",
                            "storage_encrypted": "false",
                            "storage_type": "standard",
                            "tags.%": "1",
                            "tags.Environment": "production",
                            "timezone": "",
                            "username": "app",
                            "vpc_security_group_ids.#": "1",
                            "vpc_security_group_ids.559103728": "sg-7b4d4e32"
                        },
                        "meta": {
                            "e2bfb730-ecaa-11e6-8f88-34363bc7c4c0": {
                                "create": 2400000000000,
                                "delete": 2400000000000,
                                "update": 4800000000000
                            }
                        },
                        "tainted": false
                    },
                    "deposed": [],
                    "provider": "provider.aws"
                },
                "aws_db_subnet_group.rds_subnet_group": {
                    "type": "aws_db_subnet_group",
                    "depends_on": [],
                    "primary": {
                        "id": "production-rds-subnet-group",
                        "attributes": {
                            "arn": "arn:aws:rds:us-east-1:951653432607:subgrp:production-rds-subnet-group",
                            "description": "RDS subnet group",
                            "id": "production-rds-subnet-group",
                            "name": "production-rds-subnet-group",
                            "subnet_ids.#": "2",
                            "subnet_ids.2459806837": "subnet-db7a94f5",
                            "subnet_ids.548909720": "subnet-d5de21b2",
                            "tags.%": "1",
                            "tags.Environment": "production"
                        },
                        "meta": {},
                        "tainted": false
                    },
                    "deposed": [],
                    "provider": "provider.aws"
                },
                "aws_security_group.db_access_sg": {
                    "type": "aws_security_group",
                    "depends_on": [],
                    "primary": {
                        "id": "sg-e55b58ac",
                        "attributes": {
                            "arn": "arn:aws:ec2:us-east-1:951653432607:security-group/sg-e55b58ac",
                            "description": "Allow access to RDS",
                            "egress.#": "0",
                            "id": "sg-e55b58ac",
                            "ingress.#": "0",
                            "name": "production-db-access-sg",
                            "owner_id": "951653432607",
                            "revoke_rules_on_delete": "false",
                            "tags.%": "2",
                            "tags.Environment": "production",
                            "tags.Name": "production-db-access-sg",
                            "vpc_id": "vpc-3fd28444"
                        },
                        "meta": {
                            "e2bfb730-ecaa-11e6-8f88-34363bc7c4c0": {
                                "create": 600000000000,
                                "delete": 600000000000
                            },
                            "schema_version": "1"
                        },
                        "tainted": false
                    },
                    "deposed": [],
                    "provider": "provider.aws"
                },
                "aws_security_group.rds_sg": {
                    "type": "aws_security_group",
                    "depends_on": [
                        "aws_security_group.db_access_sg"
                    ],
                    "primary": {
                        "id": "sg-7b4d4e32",
                        "attributes": {
                            "arn": "arn:aws:ec2:us-east-1:951653432607:security-group/sg-7b4d4e32",
                            "description": "production Security Group",
                            "egress.#": "1",
                            "egress.482069346.cidr_blocks.#": "1",
                            "egress.482069346.cidr_blocks.0": "0.0.0.0/0",
                            "egress.482069346.description": "",
                            "egress.482069346.from_port": "0",
                            "egress.482069346.ipv6_cidr_blocks.#": "0",
                            "egress.482069346.prefix_list_ids.#": "0",
                            "egress.482069346.protocol": "-1",
                            "egress.482069346.security_groups.#": "0",
                            "egress.482069346.self": "false",
                            "egress.482069346.to_port": "0",
                            "id": "sg-7b4d4e32",
                            "ingress.#": "2",
                            "ingress.509319616.cidr_blocks.#": "0",
                            "ingress.509319616.description": "",
                            "ingress.509319616.from_port": "5432",
                            "ingress.509319616.ipv6_cidr_blocks.#": "0",
                            "ingress.509319616.protocol": "tcp",
                            "ingress.509319616.security_groups.#": "1",
                            "ingress.509319616.security_groups.3691495237": "sg-e55b58ac",
                            "ingress.509319616.self": "false",
                            "ingress.509319616.to_port": "5432",
                            "ingress.753360330.cidr_blocks.#": "0",
                            "ingress.753360330.description": "",
                            "ingress.753360330.from_port": "0",
                            "ingress.753360330.ipv6_cidr_blocks.#": "0",
                            "ingress.753360330.protocol": "-1",
                            "ingress.753360330.security_groups.#": "0",
                            "ingress.753360330.self": "true",
                            "ingress.753360330.to_port": "0",
                            "name": "production-rds-sg",
                            "owner_id": "951653432607",
                            "revoke_rules_on_delete": "false",
                            "tags.%": "2",
                            "tags.Environment": "production",
                            "tags.Name": "production-rds-sg",
                            "vpc_id": "vpc-3fd28444"
                        },
                        "meta": {
                            "e2bfb730-ecaa-11e6-8f88-34363bc7c4c0": {
                                "create": 600000000000,
                                "delete": 600000000000
                            },
                            "schema_version": "1"
                        },
                        "tainted": false
                    },
                    "deposed": [],
                    "provider": "provider.aws"
                }
            },
            "depends_on": []
        }
    ]
}
