{
    "version": 3,
    "terraform_version": "0.11.3",
    "serial": 2,
    "lineage": "a243468d-0273-4b51-9272-7f166ba9208e",
    "modules": [
        {
            "path": [
                "root"
            ],
            "outputs": {
                "alb_dns_name": {
                    "sensitive": false,
                    "type": "string",
                    "value": "production-alb-openjobs-147616517.us-east-1.elb.amazonaws.com"
                }
            },
            "resources": {
                "aws_key_pair.key": {
                    "type": "aws_key_pair",
                    "depends_on": [],
                    "primary": {
                        "id": "production_key",
                        "attributes": {
                            "fingerprint": "0b:3e:98:9a:09:72:47:f0:45:8a:b2:6a:eb:dc:c5:14",
                            "id": "production_key",
                            "key_name": "production_key",
                            "public_key": "ssh-rsa AAAAB3NzaC1yc2EAAAADAQABAAABAQCxxdVPu/lWt4vuD+tolTw/T7sFgMr8iEQ2Cn0ojLZGKLpQu6a7PmkQ22M5Ka/GhUCuI6SNYCDUjZnjl6PvEnHDfJmMtnRI7HJkPXxkdqu3zc88BS7apPm+Ysps7EjQI83JnNI0LsqCVhjCZlamvA+bSnRCkzc4we9p2OeTX+X9gFAw3VfNbBynPNG2tsiOHmvm+iSSUM1Q1q61BD+awLIVNc6Rsc0ULktonFvmJVPNJVfRj8UYQPqAlqeuS2CcmJZnQZWqTA0+Lnlwt3O3zxWYUMCmCdHYL6k8HUI44ZWAMH/Rz8nqvm6KAPz47SMsWyXXfBihBTLcZoKpZ2Sakmbt mpigassou@zendesk.com"
                        },
                        "meta": {
                            "schema_version": "1"
                        },
                        "tainted": false
                    },
                    "deposed": [],
                    "provider": "provider.aws"
                },
                "aws_route53_delegation_set.main": {
                    "type": "aws_route53_delegation_set",
                    "depends_on": [],
                    "primary": {
                        "id": "N2JYK4HCFEVVLE",
                        "attributes": {
                            "id": "N2JYK4HCFEVVLE",
                            "name_servers.#": "4",
                            "name_servers.0": "ns-1441.awsdns-52.org",
                            "name_servers.1": "ns-1989.awsdns-56.co.uk",
                            "name_servers.2": "ns-323.awsdns-40.com",
                            "name_servers.3": "ns-810.awsdns-37.net",
                            "reference_name": "DynDNS"
                        },
                        "meta": {},
                        "tainted": false
                    },
                    "deposed": [],
                    "provider": "provider.aws"
                },
                "aws_route53_record.www-prod": {
                    "type": "aws_route53_record",
                    "depends_on": [
                        "aws_route53_zone.primary_route",
                        "module.ecs"
                    ],
                    "primary": {
                        "id": "ZOTPBJ0U0XZLY_www.ecsfargateexample.tk_A",
                        "attributes": {
                            "alias.#": "1",
                            "alias.1099460229.evaluate_target_health": "true",
                            "alias.1099460229.name": "production-alb-openjobs-147616517.us-east-1.elb.amazonaws.com",
                            "alias.1099460229.zone_id": "Z35SXDOTRQ7X7K",
                            "allow_overwrite": "true",
                            "fqdn": "www.ecsfargateexample.tk",
                            "health_check_id": "",
                            "id": "ZOTPBJ0U0XZLY_www.ecsfargateexample.tk_A",
                            "name": "www.ecsfargateexample.tk",
                            "records.#": "0",
                            "set_identifier": "",
                            "ttl": "0",
                            "type": "A",
                            "zone_id": "ZOTPBJ0U0XZLY"
                        },
                        "meta": {
                            "schema_version": "2"
                        },
                        "tainted": false
                    },
                    "deposed": [],
                    "provider": "provider.aws"
                },
                "aws_route53_zone.primary_route": {
                    "type": "aws_route53_zone",
                    "depends_on": [
                        "aws_route53_delegation_set.main"
                    ],
                    "primary": {
                        "id": "ZOTPBJ0U0XZLY",
                        "attributes": {
                            "comment": "Managed by Terraform",
                            "delegation_set_id": "N2JYK4HCFEVVLE",
                            "force_destroy": "false",
                            "id": "ZOTPBJ0U0XZLY",
                            "name": "ecsfargateexample.tk",
                            "name_servers.#": "4",
                            "name_servers.0": "ns-1441.awsdns-52.org",
                            "name_servers.1": "ns-1989.awsdns-56.co.uk",
                            "name_servers.2": "ns-323.awsdns-40.com",
                            "name_servers.3": "ns-810.awsdns-37.net",
                            "tags.%": "0",
                            "zone_id": "ZOTPBJ0U0XZLY"
                        },
                        "meta": {},
                        "tainted": false
                    },
                    "deposed": [],
                    "provider": "provider.aws"
                }
            },
            "depends_on": []
        },
        {
            "path": [
                "root",
                "ecs"
            ],
            "outputs": {
                "alb_dns_name": {
                    "sensitive": false,
                    "type": "string",
                    "value": "production-alb-openjobs-147616517.us-east-1.elb.amazonaws.com"
                },
                "alb_zone_id": {
                    "sensitive": false,
                    "type": "string",
                    "value": "Z35SXDOTRQ7X7K"
                },
                "cluster_name": {
                    "sensitive": false,
                    "type": "string",
                    "value": "production-ecs-cluster"
                },
                "repository_url": {
                    "sensitive": false,
                    "type": "string",
                    "value": "951653432607.dkr.ecr.us-east-1.amazonaws.com/openjobs/production"
                },
                "security_group_id": {
                    "sensitive": false,
                    "type": "string",
                    "value": "sg-0b0b997d"
                },
                "service_name": {
                    "sensitive": false,
                    "type": "string",
                    "value": "production-web"
                }
            },
            "resources": {
                "aws_alb.alb_openjobs": {
                    "type": "aws_alb",
                    "depends_on": [
                        "aws_security_group.web_inbound_sg"
                    ],
                    "primary": {
                        "id": "arn:aws:elasticloadbalancing:us-east-1:951653432607:loadbalancer/app/production-alb-openjobs/61863261e5c89012",
                        "attributes": {
                            "access_logs.#": "0",
                            "arn": "arn:aws:elasticloadbalancing:us-east-1:951653432607:loadbalancer/app/production-alb-openjobs/61863261e5c89012",
                            "arn_suffix": "app/production-alb-openjobs/61863261e5c89012",
                            "dns_name": "production-alb-openjobs-147616517.us-east-1.elb.amazonaws.com",
                            "enable_cross_zone_load_balancing": "false",
                            "enable_deletion_protection": "false",
                            "enable_http2": "true",
                            "id": "arn:aws:elasticloadbalancing:us-east-1:951653432607:loadbalancer/app/production-alb-openjobs/61863261e5c89012",
                            "idle_timeout": "60",
                            "internal": "false",
                            "ip_address_type": "ipv4",
                            "load_balancer_type": "application",
                            "name": "production-alb-openjobs",
                            "security_groups.#": "3",
                            "security_groups.2197005882": "sg-2b04965d",
                            "security_groups.2313623599": "sg-15118363",
                            "security_groups.3422485974": "sg-c51785b3",
                            "subnets.#": "2",
                            "subnets.3358122318": "subnet-1294bc3d",
                            "subnets.3821711237": "subnet-63d1da07",
                            "tags.%": "2",
                            "tags.Environment": "production",
                            "tags.Name": "production-alb-openjobs",
                            "vpc_id": "vpc-06b10f7d",
                            "zone_id": "Z35SXDOTRQ7X7K"
                        },
                        "meta": {
                            "e2bfb730-ecaa-11e6-8f88-34363bc7c4c0": {
                                "create": 600000000000,
                                "delete": 600000000000,
                                "update": 600000000000
                            }
                        },
                        "tainted": false
                    },
                    "deposed": [],
                    "provider": "provider.aws"
                },
                "aws_alb_listener.openjobs": {
                    "type": "aws_alb_listener",
                    "depends_on": [
                        "aws_alb.alb_openjobs",
                        "aws_alb_target_group.alb_target_group"
                    ],
                    "primary": {
                        "id": "arn:aws:elasticloadbalancing:us-east-1:951653432607:listener/app/production-alb-openjobs/61863261e5c89012/d5960d42e2ff561f",
                        "attributes": {
                            "arn": "arn:aws:elasticloadbalancing:us-east-1:951653432607:listener/app/production-alb-openjobs/61863261e5c89012/d5960d42e2ff561f",
                            "default_action.#": "1",
                            "default_action.0.target_group_arn": "arn:aws:elasticloadbalancing:us-east-1:951653432607:targetgroup/production-alb-target-group-c2b5/d8664c882680da0a",
                            "default_action.0.type": "forward",
                            "id": "arn:aws:elasticloadbalancing:us-east-1:951653432607:listener/app/production-alb-openjobs/61863261e5c89012/d5960d42e2ff561f",
                            "load_balancer_arn": "arn:aws:elasticloadbalancing:us-east-1:951653432607:loadbalancer/app/production-alb-openjobs/61863261e5c89012",
                            "port": "80",
                            "protocol": "HTTP",
                            "ssl_policy": ""
                        },
                        "meta": {},
                        "tainted": false
                    },
                    "deposed": [],
                    "provider": "provider.aws"
                },
                "aws_alb_target_group.alb_target_group": {
                    "type": "aws_alb_target_group",
                    "depends_on": [
                        "random_id.target_group_sufix"
                    ],
                    "primary": {
                        "id": "arn:aws:elasticloadbalancing:us-east-1:951653432607:targetgroup/production-alb-target-group-c2b5/d8664c882680da0a",
                        "attributes": {
                            "arn": "arn:aws:elasticloadbalancing:us-east-1:951653432607:targetgroup/production-alb-target-group-c2b5/d8664c882680da0a",
                            "arn_suffix": "targetgroup/production-alb-target-group-c2b5/d8664c882680da0a",
                            "deregistration_delay": "300",
                            "health_check.#": "1",
                            "health_check.0.healthy_threshold": "5",
                            "health_check.0.interval": "30",
                            "health_check.0.matcher": "200",
                            "health_check.0.path": "/",
                            "health_check.0.port": "traffic-port",
                            "health_check.0.protocol": "HTTP",
                            "health_check.0.timeout": "5",
                            "health_check.0.unhealthy_threshold": "2",
                            "id": "arn:aws:elasticloadbalancing:us-east-1:951653432607:targetgroup/production-alb-target-group-c2b5/d8664c882680da0a",
                            "name": "production-alb-target-group-c2b5",
                            "port": "80",
                            "protocol": "HTTP",
                            "stickiness.#": "1",
                            "stickiness.0.cookie_duration": "86400",
                            "stickiness.0.enabled": "false",
                            "stickiness.0.type": "lb_cookie",
                            "tags.%": "0",
                            "target_type": "ip",
                            "vpc_id": "vpc-06b10f7d"
                        },
                        "meta": {},
                        "tainted": false
                    },
                    "deposed": [],
                    "provider": "provider.aws"
                },
                "aws_appautoscaling_policy.down": {
                    "type": "aws_appautoscaling_policy",
                    "depends_on": [
                        "aws_appautoscaling_target.target",
                        "aws_ecs_cluster.cluster",
                        "aws_ecs_service.web"
                    ],
                    "primary": {
                        "id": "production_scale_down",
                        "attributes": {
                            "alarms.#": "0",
                            "arn": "arn:aws:autoscaling:us-east-1:951653432607:scalingPolicy:93394203-4219-4d85-8ed4-129aced86f9b:resource/ecs/service/production-ecs-cluster/production-web:policyName/production_scale_down",
                            "id": "production_scale_down",
                            "name": "production_scale_down",
                            "policy_type": "StepScaling",
                            "resource_id": "service/production-ecs-cluster/production-web",
                            "scalable_dimension": "ecs:service:DesiredCount",
                            "service_namespace": "ecs",
                            "step_scaling_policy_configuration.#": "1",
                            "step_scaling_policy_configuration.0.adjustment_type": "ChangeInCapacity",
                            "step_scaling_policy_configuration.0.cooldown": "60",
                            "step_scaling_policy_configuration.0.metric_aggregation_type": "Maximum",
                            "step_scaling_policy_configuration.0.min_adjustment_magnitude": "0",
                            "step_scaling_policy_configuration.0.step_adjustment.#": "1",
                            "step_scaling_policy_configuration.0.step_adjustment.1330763481.metric_interval_lower_bound": "0",
                            "step_scaling_policy_configuration.0.step_adjustment.1330763481.metric_interval_upper_bound": "-1",
                            "step_scaling_policy_configuration.0.step_adjustment.1330763481.scaling_adjustment": "-1",
                            "target_tracking_scaling_policy_configuration.#": "0"
                        },
                        "meta": {},
                        "tainted": false
                    },
                    "deposed": [],
                    "provider": "provider.aws"
                },
                "aws_appautoscaling_policy.up": {
                    "type": "aws_appautoscaling_policy",
                    "depends_on": [
                        "aws_appautoscaling_target.target",
                        "aws_ecs_cluster.cluster",
                        "aws_ecs_service.web"
                    ],
                    "primary": {
                        "id": "production_scale_up",
                        "attributes": {
                            "alarms.#": "0",
                            "arn": "arn:aws:autoscaling:us-east-1:951653432607:scalingPolicy:93394203-4219-4d85-8ed4-129aced86f9b:resource/ecs/service/production-ecs-cluster/production-web:policyName/production_scale_up",
                            "id": "production_scale_up",
                            "name": "production_scale_up",
                            "policy_type": "StepScaling",
                            "resource_id": "service/production-ecs-cluster/production-web",
                            "scalable_dimension": "ecs:service:DesiredCount",
                            "service_namespace": "ecs",
                            "step_scaling_policy_configuration.#": "1",
                            "step_scaling_policy_configuration.0.adjustment_type": "ChangeInCapacity",
                            "step_scaling_policy_configuration.0.cooldown": "60",
                            "step_scaling_policy_configuration.0.metric_aggregation_type": "Maximum",
                            "step_scaling_policy_configuration.0.min_adjustment_magnitude": "0",
                            "step_scaling_policy_configuration.0.step_adjustment.#": "1",
                            "step_scaling_policy_configuration.0.step_adjustment.2280411133.metric_interval_lower_bound": "0",
                            "step_scaling_policy_configuration.0.step_adjustment.2280411133.metric_interval_upper_bound": "-1",
                            "step_scaling_policy_configuration.0.step_adjustment.2280411133.scaling_adjustment": "1",
                            "target_tracking_scaling_policy_configuration.#": "0"
                        },
                        "meta": {},
                        "tainted": false
                    },
                    "deposed": [],
                    "provider": "provider.aws"
                },
                "aws_appautoscaling_target.target": {
                    "type": "aws_appautoscaling_target",
                    "depends_on": [
                        "aws_ecs_cluster.cluster",
                        "aws_ecs_service.web",
                        "aws_iam_role.ecs_autoscale_role"
                    ],
                    "primary": {
                        "id": "service/production-ecs-cluster/production-web",
                        "attributes": {
                            "id": "service/production-ecs-cluster/production-web",
                            "max_capacity": "4",
                            "min_capacity": "2",
                            "resource_id": "service/production-ecs-cluster/production-web",
                            "role_arn": "arn:aws:iam::951653432607:role/aws-service-role/ecs.application-autoscaling.amazonaws.com/AWSServiceRoleForApplicationAutoScaling_ECSService",
                            "scalable_dimension": "ecs:service:DesiredCount",
                            "service_namespace": "ecs"
                        },
                        "meta": {},
                        "tainted": false
                    },
                    "deposed": [],
                    "provider": "provider.aws"
                },
                "aws_cloudwatch_log_group.openjobs": {
                    "type": "aws_cloudwatch_log_group",
                    "depends_on": [],
                    "primary": {
                        "id": "openjobs",
                        "attributes": {
                            "arn": "arn:aws:logs:us-east-1:951653432607:log-group:openjobs:*",
                            "id": "openjobs",
                            "kms_key_id": "",
                            "name": "openjobs",
                            "retention_in_days": "0",
                            "tags.%": "2",
                            "tags.Application": "OpenJobs",
                            "tags.Environment": "production"
                        },
                        "meta": {},
                        "tainted": false
                    },
                    "deposed": [],
                    "provider": "provider.aws"
                },
                "aws_cloudwatch_metric_alarm.service_cpu_high": {
                    "type": "aws_cloudwatch_metric_alarm",
                    "depends_on": [
                        "aws_appautoscaling_policy.down",
                        "aws_appautoscaling_policy.up",
                        "aws_ecs_cluster.cluster",
                        "aws_ecs_service.web"
                    ],
                    "primary": {
                        "id": "production_openjobs_web_cpu_utilization_high",
                        "attributes": {
                            "actions_enabled": "true",
                            "alarm_actions.#": "1",
                            "alarm_actions.4141863075": "arn:aws:autoscaling:us-east-1:951653432607:scalingPolicy:93394203-4219-4d85-8ed4-129aced86f9b:resource/ecs/service/production-ecs-cluster/production-web:policyName/production_scale_up",
                            "alarm_description": "",
                            "alarm_name": "production_openjobs_web_cpu_utilization_high",
                            "comparison_operator": "GreaterThanOrEqualToThreshold",
                            "datapoints_to_alarm": "0",
                            "dimensions.%": "2",
                            "dimensions.ClusterName": "production-ecs-cluster",
                            "dimensions.ServiceName": "production-web",
                            "evaluate_low_sample_count_percentiles": "",
                            "evaluation_periods": "2",
                            "extended_statistic": "",
                            "id": "production_openjobs_web_cpu_utilization_high",
                            "insufficient_data_actions.#": "0",
                            "metric_name": "CPUUtilization",
                            "namespace": "AWS/ECS",
                            "ok_actions.#": "1",
                            "ok_actions.2005642759": "arn:aws:autoscaling:us-east-1:951653432607:scalingPolicy:93394203-4219-4d85-8ed4-129aced86f9b:resource/ecs/service/production-ecs-cluster/production-web:policyName/production_scale_down",
                            "period": "60",
                            "statistic": "Maximum",
                            "threshold": "85",
                            "treat_missing_data": "missing",
                            "unit": ""
                        },
                        "meta": {
                            "schema_version": "1"
                        },
                        "tainted": false
                    },
                    "deposed": [],
                    "provider": "provider.aws"
                },
                "aws_ecr_repository.openjobs_app": {
                    "type": "aws_ecr_repository",
                    "depends_on": [],
                    "primary": {
                        "id": "openjobs/production",
                        "attributes": {
                            "arn": "arn:aws:ecr:us-east-1:951653432607:repository/openjobs/production",
                            "id": "openjobs/production",
                            "name": "openjobs/production",
                            "registry_id": "951653432607",
                            "repository_url": "951653432607.dkr.ecr.us-east-1.amazonaws.com/openjobs/production"
                        },
                        "meta": {},
                        "tainted": false
                    },
                    "deposed": [],
                    "provider": "provider.aws"
                },
                "aws_ecs_cluster.cluster": {
                    "type": "aws_ecs_cluster",
                    "depends_on": [],
                    "primary": {
                        "id": "arn:aws:ecs:us-east-1:951653432607:cluster/production-ecs-cluster",
                        "attributes": {
                            "arn": "arn:aws:ecs:us-east-1:951653432607:cluster/production-ecs-cluster",
                            "id": "arn:aws:ecs:us-east-1:951653432607:cluster/production-ecs-cluster",
                            "name": "production-ecs-cluster"
                        },
                        "meta": {},
                        "tainted": false
                    },
                    "deposed": [],
                    "provider": "provider.aws"
                },
                "aws_ecs_service.web": {
                    "type": "aws_ecs_service",
                    "depends_on": [
                        "aws_alb_target_group.alb_target_group",
                        "aws_ecs_cluster.cluster",
                        "aws_ecs_task_definition.web",
                        "aws_iam_role_policy.ecs_service_role_policy",
                        "aws_security_group.ecs_service",
                        "data.aws_ecs_task_definition.web"
                    ],
                    "primary": {
                        "id": "arn:aws:ecs:us-east-1:951653432607:service/production-web",
                        "attributes": {
                            "cluster": "arn:aws:ecs:us-east-1:951653432607:cluster/production-ecs-cluster",
                            "deployment_maximum_percent": "200",
                            "deployment_minimum_healthy_percent": "100",
                            "desired_count": "2",
                            "health_check_grace_period_seconds": "0",
                            "iam_role": "aws-service-role",
                            "id": "arn:aws:ecs:us-east-1:951653432607:service/production-web",
                            "launch_type": "FARGATE",
                            "load_balancer.#": "1",
                            "load_balancer.3859602705.container_name": "web",
                            "load_balancer.3859602705.container_port": "80",
                            "load_balancer.3859602705.elb_name": "",
                            "load_balancer.3859602705.target_group_arn": "arn:aws:elasticloadbalancing:us-east-1:951653432607:targetgroup/production-alb-target-group-c2b5/d8664c882680da0a",
                            "name": "production-web",
                            "network_configuration.#": "1",
                            "network_configuration.0.assign_public_ip": "false",
                            "network_configuration.0.security_groups.#": "3",
                            "network_configuration.0.security_groups.1324334739": "sg-0b0b997d",
                            "network_configuration.0.security_groups.2313623599": "sg-15118363",
                            "network_configuration.0.security_groups.3422485974": "sg-c51785b3",
                            "network_configuration.0.subnets.#": "2",
                            "network_configuration.0.subnets.293224912": "subnet-c7c0cba3",
                            "network_configuration.0.subnets.3336051688": "subnet-4f6a4160",
                            "placement_constraints.#": "0",
                            "placement_strategy.#": "0",
                            "task_definition": "production_web:1"
                        },
                        "meta": {},
                        "tainted": false
                    },
                    "deposed": [],
                    "provider": "provider.aws"
                },
                "aws_ecs_task_definition.web": {
                    "type": "aws_ecs_task_definition",
                    "depends_on": [
                        "aws_iam_role.ecs_execution_role",
                        "data.template_file.web_task"
                    ],
                    "primary": {
                        "id": "production_web",
                        "attributes": {
                            "arn": "arn:aws:ecs:us-east-1:951653432607:task-definition/production_web:1",
                            "container_definitions": "[{\"cpu\":0,\"environment\":[{\"name\":\"RAILS_LOG_TO_STDOUT\",\"value\":\"true\"},{\"name\":\"RAILS_ENV\",\"value\":\"production\"},{\"name\":\"RAILS_SERVE_STATIC_FILES\",\"value\":\"true\"},{\"name\":\"DATABASE_URL\",\"value\":\"postgresql://openjobs:myawesomepasswordproduction@production-database.c3e8nhng9em0.us-east-1.rds.amazonaws.com:5432/openjobs_production?encoding=utf8\u0026pool=40\"},{\"name\":\"PORT\",\"value\":\"80\"},{\"name\":\"SECRET_KEY_BASE\",\"value\":\"8d412aee3ceaa494fe1c276f5f7e524b9e33f649c03690e689e5b36a0cf4ce2a6f50024bc31f276c22b668e619d61a42b79f5e595759f377a8fa373e2907f41e\"}],\"essential\":true,\"image\":\"951653432607.dkr.ecr.us-east-1.amazonaws.com/openjobs/production\",\"logConfiguration\":{\"logDriver\":\"awslogs\",\"options\":{\"awslogs-group\":\"openjobs\",\"awslogs-region\":\"us-east-1\",\"awslogs-stream-prefix\":\"web\"}},\"memory\":300,\"mountPoints\":[],\"name\":\"web\",\"portMappings\":[{\"containerPort\":80,\"hostPort\":80,\"protocol\":\"tcp\"}],\"volumesFrom\":[]}]",
                            "cpu": "256",
                            "execution_role_arn": "arn:aws:iam::951653432607:role/ecs_task_execution_role",
                            "family": "production_web",
                            "id": "production_web",
                            "memory": "512",
                            "network_mode": "awsvpc",
                            "placement_constraints.#": "0",
                            "requires_compatibilities.#": "1",
                            "requires_compatibilities.3072437307": "FARGATE",
                            "revision": "1",
                            "task_role_arn": "arn:aws:iam::951653432607:role/ecs_task_execution_role"
                        },
                        "meta": {
                            "schema_version": "1"
                        },
                        "tainted": false
                    },
                    "deposed": [],
                    "provider": "provider.aws"
                },
                "aws_iam_role.ecs_autoscale_role": {
                    "type": "aws_iam_role",
                    "depends_on": [],
                    "primary": {
                        "id": "production_ecs_autoscale_role",
                        "attributes": {
                            "arn": "arn:aws:iam::951653432607:role/production_ecs_autoscale_role",
                            "assume_role_policy": "{\"Version\":\"2012-10-17\",\"Statement\":[{\"Effect\":\"Allow\",\"Principal\":{\"Service\":\"application-autoscaling.amazonaws.com\"},\"Action\":\"sts:AssumeRole\"}]}",
                            "create_date": "2018-03-14T04:20:57Z",
                            "force_detach_policies": "false",
                            "id": "production_ecs_autoscale_role",
                            "name": "production_ecs_autoscale_role",
                            "path": "/",
                            "unique_id": "AROAJXSLSSKUQFW7QTPFM"
                        },
                        "meta": {},
                        "tainted": false
                    },
                    "deposed": [],
                    "provider": "provider.aws"
                },
                "aws_iam_role.ecs_execution_role": {
                    "type": "aws_iam_role",
                    "depends_on": [],
                    "primary": {
                        "id": "ecs_task_execution_role",
                        "attributes": {
                            "arn": "arn:aws:iam::951653432607:role/ecs_task_execution_role",
                            "assume_role_policy": "{\"Version\":\"2012-10-17\",\"Statement\":[{\"Sid\":\"\",\"Effect\":\"Allow\",\"Principal\":{\"Service\":\"ecs-tasks.amazonaws.com\"},\"Action\":\"sts:AssumeRole\"}]}",
                            "create_date": "2018-03-14T04:20:57Z",
                            "force_detach_policies": "false",
                            "id": "ecs_task_execution_role",
                            "name": "ecs_task_execution_role",
                            "path": "/",
                            "unique_id": "AROAJBYAMRHUDLRT4IX5E"
                        },
                        "meta": {},
                        "tainted": false
                    },
                    "deposed": [],
                    "provider": "provider.aws"
                },
                "aws_iam_role.ecs_role": {
                    "type": "aws_iam_role",
                    "depends_on": [
                        "data.aws_iam_policy_document.ecs_service_role"
                    ],
                    "primary": {
                        "id": "ecs_role",
                        "attributes": {
                            "arn": "arn:aws:iam::951653432607:role/ecs_role",
                            "assume_role_policy": "{\"Version\":\"2012-10-17\",\"Statement\":[{\"Sid\":\"\",\"Effect\":\"Allow\",\"Principal\":{\"Service\":\"ecs.amazonaws.com\"},\"Action\":\"sts:AssumeRole\"}]}",
                            "create_date": "2018-03-14T04:20:57Z",
                            "force_detach_policies": "false",
                            "id": "ecs_role",
                            "name": "ecs_role",
                            "path": "/",
                            "unique_id": "AROAI3T4URUWTYCQEHTPY"
                        },
                        "meta": {},
                        "tainted": false
                    },
                    "deposed": [],
                    "provider": "provider.aws"
                },
                "aws_iam_role_policy.ecs_autoscale_role_policy": {
                    "type": "aws_iam_role_policy",
                    "depends_on": [
                        "aws_iam_role.ecs_autoscale_role"
                    ],
                    "primary": {
                        "id": "production_ecs_autoscale_role:ecs_autoscale_role_policy",
                        "attributes": {
                            "id": "production_ecs_autoscale_role:ecs_autoscale_role_policy",
                            "name": "ecs_autoscale_role_policy",
                            "policy": "{\n  \"Version\": \"2012-10-17\",\n  \"Statement\": [\n    {\n      \"Effect\": \"Allow\",\n      \"Action\": [\n        \"ecs:DescribeServices\",\n        \"ecs:UpdateService\"\n      ],\n      \"Resource\": [\n        \"*\"\n      ]\n    },\n    {\n      \"Effect\": \"Allow\",\n      \"Action\": [\n        \"cloudwatch:DescribeAlarms\"\n      ],\n      \"Resource\": [\n        \"*\"\n      ]\n    }\n  ]\n}\n",
                            "role": "production_ecs_autoscale_role"
                        },
                        "meta": {},
                        "tainted": false
                    },
                    "deposed": [],
                    "provider": "provider.aws"
                },
                "aws_iam_role_policy.ecs_execution_role_policy": {
                    "type": "aws_iam_role_policy",
                    "depends_on": [
                        "aws_iam_role.ecs_execution_role"
                    ],
                    "primary": {
                        "id": "ecs_task_execution_role:ecs_execution_role_policy",
                        "attributes": {
                            "id": "ecs_task_execution_role:ecs_execution_role_policy",
                            "name": "ecs_execution_role_policy",
                            "policy": "{\n  \"Version\": \"2012-10-17\",\n  \"Statement\": [\n    {\n      \"Effect\": \"Allow\",\n      \"Action\": [\n        \"ecr:GetAuthorizationToken\",\n        \"ecr:BatchCheckLayerAvailability\",\n        \"ecr:GetDownloadUrlForLayer\",\n        \"ecr:BatchGetImage\",\n        \"logs:CreateLogStream\",\n        \"logs:PutLogEvents\"\n      ],\n      \"Resource\": \"*\"\n    }\n  ]\n}\n",
                            "role": "ecs_task_execution_role"
                        },
                        "meta": {},
                        "tainted": false
                    },
                    "deposed": [],
                    "provider": "provider.aws"
                },
                "aws_iam_role_policy.ecs_service_role_policy": {
                    "type": "aws_iam_role_policy",
                    "depends_on": [
                        "aws_iam_role.ecs_role",
                        "data.aws_iam_policy_document.ecs_service_policy"
                    ],
                    "primary": {
                        "id": "ecs_role:ecs_service_role_policy",
                        "attributes": {
                            "id": "ecs_role:ecs_service_role_policy",
                            "name": "ecs_service_role_policy",
                            "policy": "{\n  \"Version\": \"2012-10-17\",\n  \"Statement\": [\n    {\n      \"Sid\": \"\",\n      \"Effect\": \"Allow\",\n      \"Action\": [\n        \"elasticloadbalancing:RegisterInstancesWithLoadBalancer\",\n        \"elasticloadbalancing:Describe*\",\n        \"elasticloadbalancing:DeregisterInstancesFromLoadBalancer\",\n        \"ec2:Describe*\",\n        \"ec2:AuthorizeSecurityGroupIngress\"\n      ],\n      \"Resource\": \"*\"\n    }\n  ]\n}",
                            "role": "ecs_role"
                        },
                        "meta": {},
                        "tainted": false
                    },
                    "deposed": [],
                    "provider": "provider.aws"
                },
                "aws_security_group.ecs_service": {
                    "type": "aws_security_group",
                    "depends_on": [],
                    "primary": {
                        "id": "sg-0b0b997d",
                        "attributes": {
                            "description": "Allow egress from container",
                            "egress.#": "1",
                            "egress.482069346.cidr_blocks.#": "1",
                            "egress.482069346.cidr_blocks.0": "0.0.0.0/0",
                            "egress.482069346.description": "",
                            "egress.482069346.from_port": "0",
                            "egress.482069346.ipv6_cidr_blocks.#": "0",
                            "egress.482069346.prefix_list_ids.#": "0",
                            "egress.482069346.protocol": "-1",
                            "egress.482069346.security_groups.#": "0",
                            "egress.482069346.self": "false",
                            "egress.482069346.to_port": "0",
                            "id": "sg-0b0b997d",
                            "ingress.#": "1",
                            "ingress.3068409405.cidr_blocks.#": "1",
                            "ingress.3068409405.cidr_blocks.0": "0.0.0.0/0",
                            "ingress.3068409405.description": "",
                            "ingress.3068409405.from_port": "8",
                            "ingress.3068409405.ipv6_cidr_blocks.#": "0",
                            "ingress.3068409405.protocol": "icmp",
                            "ingress.3068409405.security_groups.#": "0",
                            "ingress.3068409405.self": "false",
                            "ingress.3068409405.to_port": "0",
                            "name": "production-ecs-service-sg",
                            "owner_id": "951653432607",
                            "revoke_rules_on_delete": "false",
                            "tags.%": "2",
                            "tags.Environment": "production",
                            "tags.Name": "production-ecs-service-sg",
                            "vpc_id": "vpc-06b10f7d"
                        },
                        "meta": {
                            "e2bfb730-ecaa-11e6-8f88-34363bc7c4c0": {
                                "create": 600000000000,
                                "delete": 600000000000
                            },
                            "schema_version": "1"
                        },
                        "tainted": false
                    },
                    "deposed": [],
                    "provider": "provider.aws"
                },
                "aws_security_group.web_inbound_sg": {
                    "type": "aws_security_group",
                    "depends_on": [],
                    "primary": {
                        "id": "sg-2b04965d",
                        "attributes": {
                            "description": "Allow HTTP from Anywhere into ALB",
                            "egress.#": "1",
                            "egress.482069346.cidr_blocks.#": "1",
                            "egress.482069346.cidr_blocks.0": "0.0.0.0/0",
                            "egress.482069346.description": "",
                            "egress.482069346.from_port": "0",
                            "egress.482069346.ipv6_cidr_blocks.#": "0",
                            "egress.482069346.prefix_list_ids.#": "0",
                            "egress.482069346.protocol": "-1",
                            "egress.482069346.security_groups.#": "0",
                            "egress.482069346.self": "false",
                            "egress.482069346.to_port": "0",
                            "id": "sg-2b04965d",
                            "ingress.#": "2",
                            "ingress.2214680975.cidr_blocks.#": "1",
                            "ingress.2214680975.cidr_blocks.0": "0.0.0.0/0",
                            "ingress.2214680975.description": "",
                            "ingress.2214680975.from_port": "80",
                            "ingress.2214680975.ipv6_cidr_blocks.#": "0",
                            "ingress.2214680975.protocol": "tcp",
                            "ingress.2214680975.security_groups.#": "0",
                            "ingress.2214680975.self": "false",
                            "ingress.2214680975.to_port": "80",
                            "ingress.3068409405.cidr_blocks.#": "1",
                            "ingress.3068409405.cidr_blocks.0": "0.0.0.0/0",
                            "ingress.3068409405.description": "",
                            "ingress.3068409405.from_port": "8",
                            "ingress.3068409405.ipv6_cidr_blocks.#": "0",
                            "ingress.3068409405.protocol": "icmp",
                            "ingress.3068409405.security_groups.#": "0",
                            "ingress.3068409405.self": "false",
                            "ingress.3068409405.to_port": "0",
                            "name": "production-web-inbound-sg",
                            "owner_id": "951653432607",
                            "revoke_rules_on_delete": "false",
                            "tags.%": "1",
                            "tags.Name": "production-web-inbound-sg",
                            "vpc_id": "vpc-06b10f7d"
                        },
                        "meta": {
                            "e2bfb730-ecaa-11e6-8f88-34363bc7c4c0": {
                                "create": 600000000000,
                                "delete": 600000000000
                            },
                            "schema_version": "1"
                        },
                        "tainted": false
                    },
                    "deposed": [],
                    "provider": "provider.aws"
                },
                "data.aws_ecs_task_definition.web": {
                    "type": "aws_ecs_task_definition",
                    "depends_on": [
                        "aws_ecs_task_definition.web"
                    ],
                    "primary": {
                        "id": "arn:aws:ecs:us-east-1:951653432607:task-definition/production_web:1",
                        "attributes": {
                            "family": "production_web",
                            "id": "arn:aws:ecs:us-east-1:951653432607:task-definition/production_web:1",
                            "network_mode": "awsvpc",
                            "revision": "1",
                            "status": "ACTIVE",
                            "task_definition": "production_web",
                            "task_role_arn": "arn:aws:iam::951653432607:role/ecs_task_execution_role"
                        },
                        "meta": {},
                        "tainted": false
                    },
                    "deposed": [],
                    "provider": "provider.aws"
                },
                "data.aws_iam_policy_document.ecs_service_policy": {
                    "type": "aws_iam_policy_document",
                    "depends_on": [],
                    "primary": {
                        "id": "3615693260",
                        "attributes": {
                            "id": "3615693260",
                            "json": "{\n  \"Version\": \"2012-10-17\",\n  \"Statement\": [\n    {\n      \"Sid\": \"\",\n      \"Effect\": \"Allow\",\n      \"Action\": [\n        \"elasticloadbalancing:RegisterInstancesWithLoadBalancer\",\n        \"elasticloadbalancing:Describe*\",\n        \"elasticloadbalancing:DeregisterInstancesFromLoadBalancer\",\n        \"ec2:Describe*\",\n        \"ec2:AuthorizeSecurityGroupIngress\"\n      ],\n      \"Resource\": \"*\"\n    }\n  ]\n}",
                            "statement.#": "1",
                            "statement.0.actions.#": "5",
                            "statement.0.actions.2459212947": "ec2:Describe*",
                            "statement.0.actions.2464853358": "ec2:AuthorizeSecurityGroupIngress",
                            "statement.0.actions.2706807274": "elasticloadbalancing:DeregisterInstancesFromLoadBalancer",
                            "statement.0.actions.2747799858": "elasticloadbalancing:Describe*",
                            "statement.0.actions.982461153": "elasticloadbalancing:RegisterInstancesWithLoadBalancer",
                            "statement.0.condition.#": "0",
                            "statement.0.effect": "Allow",
                            "statement.0.not_actions.#": "0",
                            "statement.0.not_principals.#": "0",
                            "statement.0.not_resources.#": "0",
                            "statement.0.principals.#": "0",
                            "statement.0.resources.#": "1",
                            "statement.0.resources.2679715827": "*",
                            "statement.0.sid": ""
                        },
                        "meta": {},
                        "tainted": false
                    },
                    "deposed": [],
                    "provider": "provider.aws"
                },
                "data.aws_iam_policy_document.ecs_service_role": {
                    "type": "aws_iam_policy_document",
                    "depends_on": [],
                    "primary": {
                        "id": "3622649364",
                        "attributes": {
                            "id": "3622649364",
                            "json": "{\n  \"Version\": \"2012-10-17\",\n  \"Statement\": [\n    {\n      \"Sid\": \"\",\n      \"Effect\": \"Allow\",\n      \"Action\": \"sts:AssumeRole\",\n      \"Principal\": {\n        \"Service\": \"ecs.amazonaws.com\"\n      }\n    }\n  ]\n}",
                            "statement.#": "1",
                            "statement.0.actions.#": "1",
                            "statement.0.actions.2528466339": "sts:AssumeRole",
                            "statement.0.condition.#": "0",
                            "statement.0.effect": "Allow",
                            "statement.0.not_actions.#": "0",
                            "statement.0.not_principals.#": "0",
                            "statement.0.not_resources.#": "0",
                            "statement.0.principals.#": "1",
                            "statement.0.principals.1113412664.identifiers.#": "1",
                            "statement.0.principals.1113412664.identifiers.1509832800": "ecs.amazonaws.com",
                            "statement.0.principals.1113412664.type": "Service",
                            "statement.0.resources.#": "0",
                            "statement.0.sid": ""
                        },
                        "meta": {},
                        "tainted": false
                    },
                    "deposed": [],
                    "provider": "provider.aws"
                },
                "data.template_file.web_task": {
                    "type": "template_file",
                    "depends_on": [
                        "aws_cloudwatch_log_group.openjobs",
                        "aws_ecr_repository.openjobs_app"
                    ],
                    "primary": {
                        "id": "12bfbfab0b9087a1397904b753265cc74878827e6f2f7e5cefb4951965e400b2",
                        "attributes": {
                            "id": "12bfbfab0b9087a1397904b753265cc74878827e6f2f7e5cefb4951965e400b2",
                            "rendered": "[\n  {\n    \"name\": \"web\",\n    \"image\": \"951653432607.dkr.ecr.us-east-1.amazonaws.com/openjobs/production\",\n    \"portMappings\": [\n      {\n        \"containerPort\": 80,\n        \"hostPort\": 80\n      }\n    ],\n    \"memory\": 300,\n    \"networkMode\": \"awsvpc\",\n    \"logConfiguration\": {\n      \"logDriver\": \"awslogs\",\n      \"options\": {\n        \"awslogs-group\": \"openjobs\",\n        \"awslogs-region\": \"us-east-1\",\n        \"awslogs-stream-prefix\": \"web\"\n      }\n    },\n    \"environment\": [\n      {\n        \"name\": \"RAILS_ENV\",\n        \"value\": \"production\"\n      },\n      {\n        \"name\": \"DATABASE_URL\",\n        \"value\": \"postgresql://openjobs:myawesomepasswordproduction@production-database.c3e8nhng9em0.us-east-1.rds.amazonaws.com:5432/openjobs_production?encoding=utf8\u0026pool=40\"\n      },\n      {\n        \"name\": \"SECRET_KEY_BASE\",\n        \"value\": \"8d412aee3ceaa494fe1c276f5f7e524b9e33f649c03690e689e5b36a0cf4ce2a6f50024bc31f276c22b668e619d61a42b79f5e595759f377a8fa373e2907f41e\"\n      },\n      {\n        \"name\": \"PORT\",\n        \"value\": \"80\"\n      },\n      {\n        \"name\": \"RAILS_LOG_TO_STDOUT\",\n        \"value\": \"true\"\n      },\n      {\n        \"name\": \"RAILS_SERVE_STATIC_FILES\",\n        \"value\": \"true\"\n      }\n    ]\n  }\n]\n\n",
                            "template": "[\n  {\n    \"name\": \"web\",\n    \"image\": \"${image}\",\n    \"portMappings\": [\n      {\n        \"containerPort\": 80,\n        \"hostPort\": 80\n      }\n    ],\n    \"memory\": 300,\n    \"networkMode\": \"awsvpc\",\n    \"logConfiguration\": {\n      \"logDriver\": \"awslogs\",\n      \"options\": {\n        \"awslogs-group\": \"${log_group}\",\n        \"awslogs-region\": \"us-east-1\",\n        \"awslogs-stream-prefix\": \"web\"\n      }\n    },\n    \"environment\": [\n      {\n        \"name\": \"RAILS_ENV\",\n        \"value\": \"production\"\n      },\n      {\n        \"name\": \"DATABASE_URL\",\n        \"value\": \"${database_url}\"\n      },\n      {\n        \"name\": \"SECRET_KEY_BASE\",\n        \"value\": \"${secret_key_base}\"\n      },\n      {\n        \"name\": \"PORT\",\n        \"value\": \"80\"\n      },\n      {\n        \"name\": \"RAILS_LOG_TO_STDOUT\",\n        \"value\": \"true\"\n      },\n      {\n        \"name\": \"RAILS_SERVE_STATIC_FILES\",\n        \"value\": \"true\"\n      }\n    ]\n  }\n]\n\n",
                            "vars.%": "4",
                            "vars.database_url": "postgresql://openjobs:myawesomepasswordproduction@production-database.c3e8nhng9em0.us-east-1.rds.amazonaws.com:5432/openjobs_production?encoding=utf8\u0026pool=40",
                            "vars.image": "951653432607.dkr.ecr.us-east-1.amazonaws.com/openjobs/production",
                            "vars.log_group": "openjobs",
                            "vars.secret_key_base": "8d412aee3ceaa494fe1c276f5f7e524b9e33f649c03690e689e5b36a0cf4ce2a6f50024bc31f276c22b668e619d61a42b79f5e595759f377a8fa373e2907f41e"
                        },
                        "meta": {},
                        "tainted": false
                    },
                    "deposed": [],
                    "provider": "provider.template"
                },
                "random_id.target_group_sufix": {
                    "type": "random_id",
                    "depends_on": [],
                    "primary": {
                        "id": "wrU",
                        "attributes": {
                            "b64": "wrU",
                            "b64_std": "wrU=",
                            "b64_url": "wrU",
                            "byte_length": "2",
                            "dec": "49845",
                            "hex": "c2b5",
                            "id": "wrU"
                        },
                        "meta": {},
                        "tainted": false
                    },
                    "deposed": [],
                    "provider": "provider.random"
                }
            },
            "depends_on": []
        },
        {
            "path": [
                "root",
                "networking"
            ],
            "outputs": {
                "default_sg_id": {
                    "sensitive": false,
                    "type": "string",
                    "value": "sg-15118363"
                },
                "private_subnets_id": {
                    "sensitive": false,
                    "type": "list",
                    "value": [
                        "subnet-c7c0cba3",
                        "subnet-4f6a4160"
                    ]
                },
                "public_subnets_id": {
                    "sensitive": false,
                    "type": "list",
                    "value": [
                        "subnet-63d1da07",
                        "subnet-1294bc3d"
                    ]
                },
                "security_groups_ids": {
                    "sensitive": false,
                    "type": "list",
                    "value": [
                        "sg-15118363"
                    ]
                },
                "vpc_id": {
                    "sensitive": false,
                    "type": "string",
                    "value": "vpc-06b10f7d"
                }
            },
            "resources": {
                "aws_eip.nat_eip": {
                    "type": "aws_eip",
                    "depends_on": [
                        "aws_internet_gateway.ig"
                    ],
                    "primary": {
                        "id": "eipalloc-acba1ea5",
                        "attributes": {
                            "association_id": "eipassoc-8eac5972",
                            "domain": "vpc",
                            "id": "eipalloc-acba1ea5",
                            "instance": "",
                            "network_interface": "eni-33a4a9b3",
                            "private_ip": "10.0.1.28",
                            "public_ip": "35.169.106.20",
                            "tags.%": "0",
                            "vpc": "true"
                        },
                        "meta": {},
                        "tainted": false
                    },
                    "deposed": [],
                    "provider": "provider.aws"
                },
                "aws_internet_gateway.ig": {
                    "type": "aws_internet_gateway",
                    "depends_on": [
                        "aws_vpc.vpc"
                    ],
                    "primary": {
                        "id": "igw-f3cf128b",
                        "attributes": {
                            "id": "igw-f3cf128b",
                            "tags.%": "2",
                            "tags.Environment": "production",
                            "tags.Name": "production-igw",
                            "vpc_id": "vpc-06b10f7d"
                        },
                        "meta": {},
                        "tainted": false
                    },
                    "deposed": [],
                    "provider": "provider.aws"
                },
                "aws_nat_gateway.nat": {
                    "type": "aws_nat_gateway",
                    "depends_on": [
                        "aws_eip.nat_eip",
                        "aws_internet_gateway.ig",
                        "aws_subnet.public_subnet.*"
                    ],
                    "primary": {
                        "id": "nat-0e372f58aedd8cbe1",
                        "attributes": {
                            "allocation_id": "eipalloc-acba1ea5",
                            "id": "nat-0e372f58aedd8cbe1",
                            "network_interface_id": "eni-33a4a9b3",
                            "private_ip": "10.0.1.28",
                            "public_ip": "35.169.106.20",
                            "subnet_id": "subnet-63d1da07",
                            "tags.%": "2",
                            "tags.Environment": "production",
                            "tags.Name": "production-us-east-1a-nat"
                        },
                        "meta": {},
                        "tainted": false
                    },
                    "deposed": [],
                    "provider": "provider.aws"
                },
                "aws_route.private_nat_gateway": {
                    "type": "aws_route",
                    "depends_on": [
                        "aws_nat_gateway.nat",
                        "aws_route_table.private"
                    ],
                    "primary": {
                        "id": "r-rtb-45903e391080289494",
                        "attributes": {
                            "destination_cidr_block": "0.0.0.0/0",
                            "destination_prefix_list_id": "",
                            "egress_only_gateway_id": "",
                            "gateway_id": "",
                            "id": "r-rtb-45903e391080289494",
                            "instance_id": "",
                            "instance_owner_id": "",
                            "nat_gateway_id": "nat-0e372f58aedd8cbe1",
                            "network_interface_id": "",
                            "origin": "CreateRoute",
                            "route_table_id": "rtb-45903e39",
                            "state": "active",
                            "vpc_peering_connection_id": ""
                        },
                        "meta": {
                            "e2bfb730-ecaa-11e6-8f88-34363bc7c4c0": {
                                "create": 120000000000,
                                "delete": 300000000000
                            }
                        },
                        "tainted": false
                    },
                    "deposed": [],
                    "provider": "provider.aws"
                },
                "aws_route.public_internet_gateway": {
                    "type": "aws_route",
                    "depends_on": [
                        "aws_internet_gateway.ig",
                        "aws_route_table.public"
                    ],
                    "primary": {
                        "id": "r-rtb-fa9739861080289494",
                        "attributes": {
                            "destination_cidr_block": "0.0.0.0/0",
                            "destination_prefix_list_id": "",
                            "egress_only_gateway_id": "",
                            "gateway_id": "igw-f3cf128b",
                            "id": "r-rtb-fa9739861080289494",
                            "instance_id": "",
                            "instance_owner_id": "",
                            "nat_gateway_id": "",
                            "network_interface_id": "",
                            "origin": "CreateRoute",
                            "route_table_id": "rtb-fa973986",
                            "state": "active",
                            "vpc_peering_connection_id": ""
                        },
                        "meta": {
                            "e2bfb730-ecaa-11e6-8f88-34363bc7c4c0": {
                                "create": 120000000000,
                                "delete": 300000000000
                            }
                        },
                        "tainted": false
                    },
                    "deposed": [],
                    "provider": "provider.aws"
                },
                "aws_route_table.private": {
                    "type": "aws_route_table",
                    "depends_on": [
                        "aws_vpc.vpc"
                    ],
                    "primary": {
                        "id": "rtb-45903e39",
                        "attributes": {
                            "id": "rtb-45903e39",
                            "propagating_vgws.#": "0",
                            "route.#": "1",
                            "route.3353734503.cidr_block": "0.0.0.0/0",
                            "route.3353734503.egress_only_gateway_id": "",
                            "route.3353734503.gateway_id": "",
                            "route.3353734503.instance_id": "",
                            "route.3353734503.ipv6_cidr_block": "",
                            "route.3353734503.nat_gateway_id": "nat-0e372f58aedd8cbe1",
                            "route.3353734503.network_interface_id": "",
                            "route.3353734503.vpc_peering_connection_id": "",
                            "tags.%": "2",
                            "tags.Environment": "production",
                            "tags.Name": "production-private-route-table",
                            "vpc_id": "vpc-06b10f7d"
                        },
                        "meta": {},
                        "tainted": false
                    },
                    "deposed": [],
                    "provider": "provider.aws"
                },
                "aws_route_table.public": {
                    "type": "aws_route_table",
                    "depends_on": [
                        "aws_vpc.vpc"
                    ],
                    "primary": {
                        "id": "rtb-fa973986",
                        "attributes": {
                            "id": "rtb-fa973986",
                            "propagating_vgws.#": "0",
                            "route.#": "1",
                            "route.2129106785.cidr_block": "0.0.0.0/0",
                            "route.2129106785.egress_only_gateway_id": "",
                            "route.2129106785.gateway_id": "igw-f3cf128b",
                            "route.2129106785.instance_id": "",
                            "route.2129106785.ipv6_cidr_block": "",
                            "route.2129106785.nat_gateway_id": "",
                            "route.2129106785.network_interface_id": "",
                            "route.2129106785.vpc_peering_connection_id": "",
                            "tags.%": "2",
                            "tags.Environment": "production",
                            "tags.Name": "production-public-route-table",
                            "vpc_id": "vpc-06b10f7d"
                        },
                        "meta": {},
                        "tainted": false
                    },
                    "deposed": [],
                    "provider": "provider.aws"
                },
                "aws_route_table_association.private.0": {
                    "type": "aws_route_table_association",
                    "depends_on": [
                        "aws_route_table.private",
                        "aws_subnet.private_subnet.*"
                    ],
                    "primary": {
                        "id": "rtbassoc-c71b0fbb",
                        "attributes": {
                            "id": "rtbassoc-c71b0fbb",
                            "route_table_id": "rtb-45903e39",
                            "subnet_id": "subnet-c7c0cba3"
                        },
                        "meta": {},
                        "tainted": false
                    },
                    "deposed": [],
                    "provider": "provider.aws"
                },
                "aws_route_table_association.private.1": {
                    "type": "aws_route_table_association",
                    "depends_on": [
                        "aws_route_table.private",
                        "aws_subnet.private_subnet.*"
                    ],
                    "primary": {
                        "id": "rtbassoc-7a0f1b06",
                        "attributes": {
                            "id": "rtbassoc-7a0f1b06",
                            "route_table_id": "rtb-45903e39",
                            "subnet_id": "subnet-4f6a4160"
                        },
                        "meta": {},
                        "tainted": false
                    },
                    "deposed": [],
                    "provider": "provider.aws"
                },
                "aws_route_table_association.public.0": {
                    "type": "aws_route_table_association",
                    "depends_on": [
                        "aws_route_table.public",
                        "aws_subnet.public_subnet.*"
                    ],
                    "primary": {
                        "id": "rtbassoc-4e1a0e32",
                        "attributes": {
                            "id": "rtbassoc-4e1a0e32",
                            "route_table_id": "rtb-fa973986",
                            "subnet_id": "subnet-63d1da07"
                        },
                        "meta": {},
                        "tainted": false
                    },
                    "deposed": [],
                    "provider": "provider.aws"
                },
                "aws_route_table_association.public.1": {
                    "type": "aws_route_table_association",
                    "depends_on": [
                        "aws_route_table.public",
                        "aws_subnet.public_subnet.*"
                    ],
                    "primary": {
                        "id": "rtbassoc-bc0216c0",
                        "attributes": {
                            "id": "rtbassoc-bc0216c0",
                            "route_table_id": "rtb-fa973986",
                            "subnet_id": "subnet-1294bc3d"
                        },
                        "meta": {},
                        "tainted": false
                    },
                    "deposed": [],
                    "provider": "provider.aws"
                },
                "aws_security_group.default": {
                    "type": "aws_security_group",
                    "depends_on": [
                        "aws_vpc.vpc"
                    ],
                    "primary": {
                        "id": "sg-15118363",
                        "attributes": {
                            "description": "Default security group to allow inbound/outbound from the VPC",
                            "egress.#": "1",
                            "egress.753360330.cidr_blocks.#": "0",
                            "egress.753360330.description": "",
                            "egress.753360330.from_port": "0",
                            "egress.753360330.ipv6_cidr_blocks.#": "0",
                            "egress.753360330.prefix_list_ids.#": "0",
                            "egress.753360330.protocol": "-1",
                            "egress.753360330.security_groups.#": "0",
                            "egress.753360330.self": "true",
                            "egress.753360330.to_port": "0",
                            "id": "sg-15118363",
                            "ingress.#": "1",
                            "ingress.753360330.cidr_blocks.#": "0",
                            "ingress.753360330.description": "",
                            "ingress.753360330.from_port": "0",
                            "ingress.753360330.ipv6_cidr_blocks.#": "0",
                            "ingress.753360330.protocol": "-1",
                            "ingress.753360330.security_groups.#": "0",
                            "ingress.753360330.self": "true",
                            "ingress.753360330.to_port": "0",
                            "name": "production-default-sg",
                            "owner_id": "951653432607",
                            "revoke_rules_on_delete": "false",
                            "tags.%": "1",
                            "tags.Environment": "production",
                            "vpc_id": "vpc-06b10f7d"
                        },
                        "meta": {
                            "e2bfb730-ecaa-11e6-8f88-34363bc7c4c0": {
                                "create": 600000000000,
                                "delete": 600000000000
                            },
                            "schema_version": "1"
                        },
                        "tainted": false
                    },
                    "deposed": [],
                    "provider": "provider.aws"
                },
                "aws_subnet.private_subnet.0": {
                    "type": "aws_subnet",
                    "depends_on": [
                        "aws_vpc.vpc"
                    ],
                    "primary": {
                        "id": "subnet-c7c0cba3",
                        "attributes": {
                            "assign_ipv6_address_on_creation": "false",
                            "availability_zone": "us-east-1a",
                            "cidr_block": "10.0.10.0/24",
                            "id": "subnet-c7c0cba3",
                            "map_public_ip_on_launch": "false",
                            "tags.%": "2",
                            "tags.Environment": "production",
                            "tags.Name": "production-us-east-1a-private-subnet",
                            "vpc_id": "vpc-06b10f7d"
                        },
                        "meta": {
                            "schema_version": "1"
                        },
                        "tainted": false
                    },
                    "deposed": [],
                    "provider": "provider.aws"
                },
                "aws_subnet.private_subnet.1": {
                    "type": "aws_subnet",
                    "depends_on": [
                        "aws_vpc.vpc"
                    ],
                    "primary": {
                        "id": "subnet-4f6a4160",
                        "attributes": {
                            "assign_ipv6_address_on_creation": "false",
                            "availability_zone": "us-east-1b",
                            "cidr_block": "10.0.20.0/24",
                            "id": "subnet-4f6a4160",
                            "map_public_ip_on_launch": "false",
                            "tags.%": "2",
                            "tags.Environment": "production",
                            "tags.Name": "production-us-east-1b-private-subnet",
                            "vpc_id": "vpc-06b10f7d"
                        },
                        "meta": {
                            "schema_version": "1"
                        },
                        "tainted": false
                    },
                    "deposed": [],
                    "provider": "provider.aws"
                },
                "aws_subnet.public_subnet.0": {
                    "type": "aws_subnet",
                    "depends_on": [
                        "aws_vpc.vpc"
                    ],
                    "primary": {
                        "id": "subnet-63d1da07",
                        "attributes": {
                            "assign_ipv6_address_on_creation": "false",
                            "availability_zone": "us-east-1a",
                            "cidr_block": "10.0.1.0/24",
                            "id": "subnet-63d1da07",
                            "map_public_ip_on_launch": "true",
                            "tags.%": "2",
                            "tags.Environment": "production",
                            "tags.Name": "production-us-east-1a-public-subnet",
                            "vpc_id": "vpc-06b10f7d"
                        },
                        "meta": {
                            "schema_version": "1"
                        },
                        "tainted": false
                    },
                    "deposed": [],
                    "provider": "provider.aws"
                },
                "aws_subnet.public_subnet.1": {
                    "type": "aws_subnet",
                    "depends_on": [
                        "aws_vpc.vpc"
                    ],
                    "primary": {
                        "id": "subnet-1294bc3d",
                        "attributes": {
                            "assign_ipv6_address_on_creation": "false",
                            "availability_zone": "us-east-1b",
                            "cidr_block": "10.0.2.0/24",
                            "id": "subnet-1294bc3d",
                            "map_public_ip_on_launch": "true",
                            "tags.%": "2",
                            "tags.Environment": "production",
                            "tags.Name": "production-us-east-1b-public-subnet",
                            "vpc_id": "vpc-06b10f7d"
                        },
                        "meta": {
                            "schema_version": "1"
                        },
                        "tainted": false
                    },
                    "deposed": [],
                    "provider": "provider.aws"
                },
                "aws_vpc.vpc": {
                    "type": "aws_vpc",
                    "depends_on": [],
                    "primary": {
                        "id": "vpc-06b10f7d",
                        "attributes": {
                            "assign_generated_ipv6_cidr_block": "false",
                            "cidr_block": "10.0.0.0/16",
                            "default_network_acl_id": "acl-1be1eb60",
                            "default_route_table_id": "rtb-14913f68",
                            "default_security_group_id": "sg-c20a98b4",
                            "dhcp_options_id": "dopt-5ece3f3b",
                            "enable_classiclink": "false",
                            "enable_classiclink_dns_support": "false",
                            "enable_dns_hostnames": "true",
                            "enable_dns_support": "true",
                            "id": "vpc-06b10f7d",
                            "instance_tenancy": "default",
                            "main_route_table_id": "rtb-14913f68",
                            "tags.%": "2",
                            "tags.Environment": "production",
                            "tags.Name": "production-vpc"
                        },
                        "meta": {
                            "schema_version": "1"
                        },
                        "tainted": false
                    },
                    "deposed": [],
                    "provider": "provider.aws"
                }
            },
            "depends_on": []
        },
        {
            "path": [
                "root",
                "rds"
            ],
            "outputs": {
                "db_access_sg_id": {
                    "sensitive": false,
                    "type": "string",
                    "value": "sg-c51785b3"
                },
                "rds_address": {
                    "sensitive": false,
                    "type": "string",
                    "value": "production-database.c3e8nhng9em0.us-east-1.rds.amazonaws.com"
                }
            },
            "resources": {
                "aws_db_instance.rds": {
                    "type": "aws_db_instance",
                    "depends_on": [
                        "aws_db_subnet_group.rds_subnet_group",
                        "aws_security_group.rds_sg"
                    ],
                    "primary": {
                        "id": "production-database",
                        "attributes": {
                            "address": "production-database.c3e8nhng9em0.us-east-1.rds.amazonaws.com",
                            "allocated_storage": "20",
                            "arn": "arn:aws:rds:us-east-1:951653432607:db:production-database",
                            "auto_minor_version_upgrade": "true",
                            "availability_zone": "us-east-1b",
                            "backup_retention_period": "0",
                            "backup_window": "04:17-04:47",
                            "ca_cert_identifier": "rds-ca-2015",
                            "copy_tags_to_snapshot": "false",
                            "db_subnet_group_name": "production-rds-subnet-group",
                            "endpoint": "production-database.c3e8nhng9em0.us-east-1.rds.amazonaws.com:5432",
                            "engine": "postgres",
                            "engine_version": "9.6.6",
                            "hosted_zone_id": "Z2R2ITUGPM61AM",
                            "iam_database_authentication_enabled": "false",
                            "id": "production-database",
                            "identifier": "production-database",
                            "instance_class": "db.t2.micro",
                            "iops": "0",
                            "kms_key_id": "",
                            "license_model": "postgresql-license",
                            "maintenance_window": "sat:03:45-sat:04:15",
                            "monitoring_interval": "0",
                            "multi_az": "false",
                            "name": "openjobs_production",
                            "option_group_name": "default:postgres-9-6",
                            "parameter_group_name": "default.postgres9.6",
                            "password": "myawesomepasswordproduction",
                            "port": "5432",
                            "publicly_accessible": "false",
                            "replicas.#": "0",
                            "replicate_source_db": "",
                            "resource_id": "db-JXRJ2VORHO5NZS3EFV7IFZIKGQ",
                            "security_group_names.#": "0",
                            "skip_final_snapshot": "true",
                            "status": "available",
                            "storage_encrypted": "false",
                            "storage_type": "standard",
                            "tags.%": "1",
                            "tags.Environment": "production",
                            "timezone": "",
                            "username": "openjobs",
                            "vpc_security_group_ids.#": "1",
                            "vpc_security_group_ids.3185249304": "sg-41158737"
                        },
                        "meta": {
                            "e2bfb730-ecaa-11e6-8f88-34363bc7c4c0": {
                                "create": 2400000000000,
                                "delete": 2400000000000,
                                "update": 4800000000000
                            }
                        },
                        "tainted": false
                    },
                    "deposed": [],
                    "provider": "provider.aws"
                },
                "aws_db_subnet_group.rds_subnet_group": {
                    "type": "aws_db_subnet_group",
                    "depends_on": [],
                    "primary": {
                        "id": "production-rds-subnet-group",
                        "attributes": {
                            "arn": "arn:aws:rds:us-east-1:951653432607:subgrp:production-rds-subnet-group",
                            "description": "RDS subnet group",
                            "id": "production-rds-subnet-group",
                            "name": "production-rds-subnet-group",
                            "subnet_ids.#": "2",
                            "subnet_ids.293224912": "subnet-c7c0cba3",
                            "subnet_ids.3336051688": "subnet-4f6a4160",
                            "tags.%": "1",
                            "tags.Environment": "production"
                        },
                        "meta": {},
                        "tainted": false
                    },
                    "deposed": [],
                    "provider": "provider.aws"
                },
                "aws_security_group.db_access_sg": {
                    "type": "aws_security_group",
                    "depends_on": [],
                    "primary": {
                        "id": "sg-c51785b3",
                        "attributes": {
                            "description": "Allow access to RDS",
                            "egress.#": "0",
                            "id": "sg-c51785b3",
                            "ingress.#": "0",
                            "name": "production-db-access-sg",
                            "owner_id": "951653432607",
                            "revoke_rules_on_delete": "false",
                            "tags.%": "2",
                            "tags.Environment": "production",
                            "tags.Name": "production-db-access-sg",
                            "vpc_id": "vpc-06b10f7d"
                        },
                        "meta": {
                            "e2bfb730-ecaa-11e6-8f88-34363bc7c4c0": {
                                "create": 600000000000,
                                "delete": 600000000000
                            },
                            "schema_version": "1"
                        },
                        "tainted": false
                    },
                    "deposed": [],
                    "provider": "provider.aws"
                },
                "aws_security_group.rds_sg": {
                    "type": "aws_security_group",
                    "depends_on": [
                        "aws_security_group.db_access_sg"
                    ],
                    "primary": {
                        "id": "sg-41158737",
                        "attributes": {
                            "description": "production Security Group",
                            "egress.#": "1",
                            "egress.482069346.cidr_blocks.#": "1",
                            "egress.482069346.cidr_blocks.0": "0.0.0.0/0",
                            "egress.482069346.description": "",
                            "egress.482069346.from_port": "0",
                            "egress.482069346.ipv6_cidr_blocks.#": "0",
                            "egress.482069346.prefix_list_ids.#": "0",
                            "egress.482069346.protocol": "-1",
                            "egress.482069346.security_groups.#": "0",
                            "egress.482069346.self": "false",
                            "egress.482069346.to_port": "0",
                            "id": "sg-41158737",
                            "ingress.#": "2",
                            "ingress.2001379964.cidr_blocks.#": "0",
                            "ingress.2001379964.description": "",
                            "ingress.2001379964.from_port": "5432",
                            "ingress.2001379964.ipv6_cidr_blocks.#": "0",
                            "ingress.2001379964.protocol": "tcp",
                            "ingress.2001379964.security_groups.#": "1",
                            "ingress.2001379964.security_groups.3422485974": "sg-c51785b3",
                            "ingress.2001379964.self": "false",
                            "ingress.2001379964.to_port": "5432",
                            "ingress.753360330.cidr_blocks.#": "0",
                            "ingress.753360330.description": "",
                            "ingress.753360330.from_port": "0",
                            "ingress.753360330.ipv6_cidr_blocks.#": "0",
                            "ingress.753360330.protocol": "-1",
                            "ingress.753360330.security_groups.#": "0",
                            "ingress.753360330.self": "true",
                            "ingress.753360330.to_port": "0",
                            "name": "production-rds-sg",
                            "owner_id": "951653432607",
                            "revoke_rules_on_delete": "false",
                            "tags.%": "2",
                            "tags.Environment": "production",
                            "tags.Name": "production-rds-sg",
                            "vpc_id": "vpc-06b10f7d"
                        },
                        "meta": {
                            "e2bfb730-ecaa-11e6-8f88-34363bc7c4c0": {
                                "create": 600000000000,
                                "delete": 600000000000
                            },
                            "schema_version": "1"
                        },
                        "tainted": false
                    },
                    "deposed": [],
                    "provider": "provider.aws"
                }
            },
            "depends_on": []
        }
    ]
}
